// !$*UTF8*$!
{
	archiveVersion = 1;
	classes = {
	};
	objectVersion = 46;
	objects = {

/* Begin PBXBuildFile section */
		8A12FD541F0FD53500BFF962 /* AFFNumericKeyboard.m in Sources */ = {isa = PBXBuildFile; fileRef = 8A12FD511F0FD53500BFF962 /* AFFNumericKeyboard.m */; };
		8A12FD551F0FD53500BFF962 /* AFFNumericKeyboardDtmf.m in Sources */ = {isa = PBXBuildFile; fileRef = 8A12FD531F0FD53500BFF962 /* AFFNumericKeyboardDtmf.m */; };
		8A2E27901F1CF38700E7C4A5 /* ChooseTransidViewController.m in Sources */ = {isa = PBXBuildFile; fileRef = 8A2E278F1F1CF38700E7C4A5 /* ChooseTransidViewController.m */; };
		8A408C0E1EFE84AE00C9081F /* MainTabBarController.m in Sources */ = {isa = PBXBuildFile; fileRef = 8A408C0D1EFE84AE00C9081F /* MainTabBarController.m */; };
		8A408C161EFE855F00C9081F /* TabBar.m in Sources */ = {isa = PBXBuildFile; fileRef = 8A408C111EFE855F00C9081F /* TabBar.m */; };
		8A408C171EFE855F00C9081F /* TabBarItem.m in Sources */ = {isa = PBXBuildFile; fileRef = 8A408C131EFE855F00C9081F /* TabBarItem.m */; };
		8A408C181EFE855F00C9081F /* TabBarBadge.m in Sources */ = {isa = PBXBuildFile; fileRef = 8A408C151EFE855F00C9081F /* TabBarBadge.m */; };
		8A408C2B1EFE867500C9081F /* RootViewController.m in Sources */ = {isa = PBXBuildFile; fileRef = 8A408C2A1EFE867500C9081F /* RootViewController.m */; };
		8A408C381EFE86E200C9081F /* NJKWebViewProgress.m in Sources */ = {isa = PBXBuildFile; fileRef = 8A408C2F1EFE86E200C9081F /* NJKWebViewProgress.m */; };
		8A408C391EFE86E200C9081F /* NJKWebViewProgressView.m in Sources */ = {isa = PBXBuildFile; fileRef = 8A408C311EFE86E200C9081F /* NJKWebViewProgressView.m */; };
		8A408C3A1EFE86E200C9081F /* RootWebViewController.m in Sources */ = {isa = PBXBuildFile; fileRef = 8A408C331EFE86E200C9081F /* RootWebViewController.m */; };
		8A408C3B1EFE86E200C9081F /* RxWebViewController.m in Sources */ = {isa = PBXBuildFile; fileRef = 8A408C351EFE86E200C9081F /* RxWebViewController.m */; };
		8A408C3C1EFE86E200C9081F /* RxWebViewNavigationViewController.m in Sources */ = {isa = PBXBuildFile; fileRef = 8A408C371EFE86E200C9081F /* RxWebViewNavigationViewController.m */; };
		8A408C3F1EFE873100C9081F /* RootNavigationController.m in Sources */ = {isa = PBXBuildFile; fileRef = 8A408C3E1EFE873100C9081F /* RootNavigationController.m */; };
		8A408C421EFE889600C9081F /* LoginViewController.m in Sources */ = {isa = PBXBuildFile; fileRef = 8A408C411EFE889600C9081F /* LoginViewController.m */; };
		8A408C4C1EFE891400C9081F /* AppDelegate+AppService.m in Sources */ = {isa = PBXBuildFile; fileRef = 8A408C491EFE891300C9081F /* AppDelegate+AppService.m */; };
		8A408C4D1EFE891400C9081F /* AppDelegate+PushService.m in Sources */ = {isa = PBXBuildFile; fileRef = 8A408C4B1EFE891400C9081F /* AppDelegate+PushService.m */; };
		8A408C501EFE89C900C9081F /* HomeViewController.m in Sources */ = {isa = PBXBuildFile; fileRef = 8A408C4F1EFE89C900C9081F /* HomeViewController.m */; };
		8A408C531EFE89E100C9081F /* MineViewController.m in Sources */ = {isa = PBXBuildFile; fileRef = 8A408C521EFE89E100C9081F /* MineViewController.m */; };
		8A408C561EFE89F200C9081F /* SettingViewController.m in Sources */ = {isa = PBXBuildFile; fileRef = 8A408C551EFE89F200C9081F /* SettingViewController.m */; };
		8A408C5E1EFE925400C9081F /* AppManager.m in Sources */ = {isa = PBXBuildFile; fileRef = 8A408C5D1EFE925400C9081F /* AppManager.m */; };
		8A408C691EFE96A600C9081F /* CallingViewController.m in Sources */ = {isa = PBXBuildFile; fileRef = 8A408C681EFE96A600C9081F /* CallingViewController.m */; };
		8A48DB041F25024D00118CA6 /* AutomaticCalculationWithWidth.m in Sources */ = {isa = PBXBuildFile; fileRef = 8A48DAE91F25024D00118CA6 /* AutomaticCalculationWithWidth.m */; };
		8A48DB051F25024D00118CA6 /* Common.m in Sources */ = {isa = PBXBuildFile; fileRef = 8A48DAEB1F25024D00118CA6 /* Common.m */; };
		8A48DB061F25024D00118CA6 /* MyDate.m in Sources */ = {isa = PBXBuildFile; fileRef = 8A48DAED1F25024D00118CA6 /* MyDate.m */; };
		8A48DB071F25024D00118CA6 /* MyMd5.m in Sources */ = {isa = PBXBuildFile; fileRef = 8A48DAEF1F25024D00118CA6 /* MyMd5.m */; };
		8A48DB081F25024D00118CA6 /* NoDataView.m in Sources */ = {isa = PBXBuildFile; fileRef = 8A48DAF11F25024D00118CA6 /* NoDataView.m */; };
		8A48DB091F25024D00118CA6 /* NSString+checkPhone.m in Sources */ = {isa = PBXBuildFile; fileRef = 8A48DAF31F25024D00118CA6 /* NSString+checkPhone.m */; };
		8A48DB0A1F25024D00118CA6 /* SBAPIurl.m in Sources */ = {isa = PBXBuildFile; fileRef = 8A48DAF51F25024D00118CA6 /* SBAPIurl.m */; };
		8A48DB0B1F25024D00118CA6 /* TimeAndTimeStamps.m in Sources */ = {isa = PBXBuildFile; fileRef = 8A48DAF71F25024D00118CA6 /* TimeAndTimeStamps.m */; };
		8A48DB0C1F25024D00118CA6 /* UIButton+FillColor.m in Sources */ = {isa = PBXBuildFile; fileRef = 8A48DAF91F25024D00118CA6 /* UIButton+FillColor.m */; };
		8A48DB0D1F25024D00118CA6 /* UIButton+TopBottom.m in Sources */ = {isa = PBXBuildFile; fileRef = 8A48DAFB1F25024D00118CA6 /* UIButton+TopBottom.m */; };
		8A48DB0E1F25024D00118CA6 /* UIColor+MyColor.m in Sources */ = {isa = PBXBuildFile; fileRef = 8A48DAFD1F25024D00118CA6 /* UIColor+MyColor.m */; };
		8A48DB0F1F25024D00118CA6 /* UIColor+Random.m in Sources */ = {isa = PBXBuildFile; fileRef = 8A48DAFF1F25024D00118CA6 /* UIColor+Random.m */; };
		8A48DB101F25024D00118CA6 /* UIImage+CutCircleImage.m in Sources */ = {isa = PBXBuildFile; fileRef = 8A48DB011F25024D00118CA6 /* UIImage+CutCircleImage.m */; };
		8A48DB111F25024D00118CA6 /* UIImage+EditImage.m in Sources */ = {isa = PBXBuildFile; fileRef = 8A48DB031F25024D00118CA6 /* UIImage+EditImage.m */; };
		8A51AC831EFFE1CF00824269 /* ChooseNumViewController.m in Sources */ = {isa = PBXBuildFile; fileRef = 8A51AC821EFFE1CF00824269 /* ChooseNumViewController.m */; };
		8A51AC871EFFE7C700824269 /* ChooseNumCell.m in Sources */ = {isa = PBXBuildFile; fileRef = 8A51AC861EFFE7C700824269 /* ChooseNumCell.m */; };
		8A51D43B1F09E12B009F6B2E /* CalllogCell.m in Sources */ = {isa = PBXBuildFile; fileRef = 8A51D43A1F09E12B009F6B2E /* CalllogCell.m */; };
		8A83F35F1EFFB6E800F1BB84 /* QCheckBox.m in Sources */ = {isa = PBXBuildFile; fileRef = 8A83F35E1EFFB6E800F1BB84 /* QCheckBox.m */; };
		8A83F3651EFFD01200F1BB84 /* UserManager.m in Sources */ = {isa = PBXBuildFile; fileRef = 8A83F3641EFFD01200F1BB84 /* UserManager.m */; };
		8A86AE101EFD5DDF00C8533F /* main.m in Sources */ = {isa = PBXBuildFile; fileRef = 8A86AE0F1EFD5DDF00C8533F /* main.m */; };
		8A86AE131EFD5DDF00C8533F /* AppDelegate.m in Sources */ = {isa = PBXBuildFile; fileRef = 8A86AE121EFD5DDF00C8533F /* AppDelegate.m */; };
		8A86AE1B1EFD5DDF00C8533F /* Assets.xcassets in Resources */ = {isa = PBXBuildFile; fileRef = 8A86AE1A1EFD5DDF00C8533F /* Assets.xcassets */; };
		8AB692A81F0543AE0016C3DF /* PPAddressBookHandle.m in Sources */ = {isa = PBXBuildFile; fileRef = 8AB692A21F0543AE0016C3DF /* PPAddressBookHandle.m */; };
		8AB692A91F0543AE0016C3DF /* PPGetAddressBook.m in Sources */ = {isa = PBXBuildFile; fileRef = 8AB692A41F0543AE0016C3DF /* PPGetAddressBook.m */; };
		8AB692AA1F0543AE0016C3DF /* PPPersonModel.m in Sources */ = {isa = PBXBuildFile; fileRef = 8AB692A61F0543AE0016C3DF /* PPPersonModel.m */; };
		8AB7C0051F015DF00027EBFB /* AdPageView.m in Sources */ = {isa = PBXBuildFile; fileRef = 8AB7C0041F015DF00027EBFB /* AdPageView.m */; };
		8AB7C0081F015E020027EBFB /* AFNetAPIClient.m in Sources */ = {isa = PBXBuildFile; fileRef = 8AB7C0071F015E020027EBFB /* AFNetAPIClient.m */; };
		8AB7C00B1F015E120027EBFB /* MBProgressHUD+XY.m in Sources */ = {isa = PBXBuildFile; fileRef = 8AB7C00A1F015E120027EBFB /* MBProgressHUD+XY.m */; };
		8AB7C00F1F015E440027EBFB /* HWPopTool.m in Sources */ = {isa = PBXBuildFile; fileRef = 8AB7C00E1F015E440027EBFB /* HWPopTool.m */; };
		8AC740C21F08E53C008F1E0C /* UIAlertController+PPPersonModel.m in Sources */ = {isa = PBXBuildFile; fileRef = 8AC740C11F08E53C008F1E0C /* UIAlertController+PPPersonModel.m */; };
		8AC740C51F08F030008F1E0C /* ChooseServiceViewController.m in Sources */ = {isa = PBXBuildFile; fileRef = 8AC740C41F08F030008F1E0C /* ChooseServiceViewController.m */; };
		8AC740CD1F08F23C008F1E0C /* CallSettingsCell.m in Sources */ = {isa = PBXBuildFile; fileRef = 8AC740CB1F08F23C008F1E0C /* CallSettingsCell.m */; };
		8AC740CE1F08F23C008F1E0C /* CallSettingsCell.xib in Resources */ = {isa = PBXBuildFile; fileRef = 8AC740CC1F08F23C008F1E0C /* CallSettingsCell.xib */; };
		8AC740D11F08F9AA008F1E0C /* BindPhoneViewController.m in Sources */ = {isa = PBXBuildFile; fileRef = 8AC740D01F08F9AA008F1E0C /* BindPhoneViewController.m */; };
		8AC740D41F090B95008F1E0C /* CallPhone.m in Sources */ = {isa = PBXBuildFile; fileRef = 8AC740D31F090B95008F1E0C /* CallPhone.m */; };
		8AC740D81F091FAD008F1E0C /* CallLog.m in Sources */ = {isa = PBXBuildFile; fileRef = 8AC740D71F091FAD008F1E0C /* CallLog.m */; };
		8AC740DC1F092229008F1E0C /* DataBase.m in Sources */ = {isa = PBXBuildFile; fileRef = 8AC740DB1F092229008F1E0C /* DataBase.m */; };
		8AC740DE1F0929E1008F1E0C /* CoreTelephony.framework in Frameworks */ = {isa = PBXBuildFile; fileRef = 8AC740DD1F0929E1008F1E0C /* CoreTelephony.framework */; };
		8AE211721F0E841F004E52C3 /* GTMBase64.m in Sources */ = {isa = PBXBuildFile; fileRef = 8AE211701F0E841F004E52C3 /* GTMBase64.m */; };
		8AE211751F0E9BBF004E52C3 /* InfoPlist.strings in Resources */ = {isa = PBXBuildFile; fileRef = 8AE211771F0E9BBF004E52C3 /* InfoPlist.strings */; };
		8AE2117B1F0E9C71004E52C3 /* Localizable.strings in Resources */ = {isa = PBXBuildFile; fileRef = 8AE2117D1F0E9C71004E52C3 /* Localizable.strings */; };
		8AFF50211F12661400A0A0BC /* CallLogDetailViewController.m in Sources */ = {isa = PBXBuildFile; fileRef = 8AFF50201F12661400A0A0BC /* CallLogDetailViewController.m */; };
		8AFF50261F126CCA00A0A0BC /* CalllogDetailCell.m in Sources */ = {isa = PBXBuildFile; fileRef = 8AFF50241F126CCA00A0A0BC /* CalllogDetailCell.m */; };
		8AFF50271F126CCA00A0A0BC /* CalllogDetailCell.xib in Resources */ = {isa = PBXBuildFile; fileRef = 8AFF50251F126CCA00A0A0BC /* CalllogDetailCell.xib */; };
		8AFF502B1F126D1900A0A0BC /* ContactCell.m in Sources */ = {isa = PBXBuildFile; fileRef = 8AFF50291F126D1900A0A0BC /* ContactCell.m */; };
		8AFF502C1F126D1900A0A0BC /* ContactCell.xib in Resources */ = {isa = PBXBuildFile; fileRef = 8AFF502A1F126D1900A0A0BC /* ContactCell.xib */; };
		A168D58146F3F5D1679B630E /* libPods-VirtualNum.a in Frameworks */ = {isa = PBXBuildFile; fileRef = 49FABA1EA2210A0556BFAE0F /* libPods-VirtualNum.a */; };
/* End PBXBuildFile section */

/* Begin PBXFileReference section */
		1B6BBFA975533AC6516270A4 /* Pods-VirtualNum.release.xcconfig */ = {isa = PBXFileReference; includeInIndex = 1; lastKnownFileType = text.xcconfig; name = "Pods-VirtualNum.release.xcconfig"; path = "../Pods/Target Support Files/Pods-VirtualNum/Pods-VirtualNum.release.xcconfig"; sourceTree = "<group>"; };
		2475113AD1DACB079ADE9C8D /* Pods-VirtualNum.debug.xcconfig */ = {isa = PBXFileReference; includeInIndex = 1; lastKnownFileType = text.xcconfig; name = "Pods-VirtualNum.debug.xcconfig"; path = "../Pods/Target Support Files/Pods-VirtualNum/Pods-VirtualNum.debug.xcconfig"; sourceTree = "<group>"; };
		49FABA1EA2210A0556BFAE0F /* libPods-VirtualNum.a */ = {isa = PBXFileReference; explicitFileType = archive.ar; includeInIndex = 0; path = "libPods-VirtualNum.a"; sourceTree = BUILT_PRODUCTS_DIR; };
		8A12FD501F0FD53500BFF962 /* AFFNumericKeyboard.h */ = {isa = PBXFileReference; fileEncoding = 4; lastKnownFileType = sourcecode.c.h; path = AFFNumericKeyboard.h; sourceTree = "<group>"; };
		8A12FD511F0FD53500BFF962 /* AFFNumericKeyboard.m */ = {isa = PBXFileReference; fileEncoding = 4; lastKnownFileType = sourcecode.c.objc; path = AFFNumericKeyboard.m; sourceTree = "<group>"; };
		8A12FD521F0FD53500BFF962 /* AFFNumericKeyboardDtmf.h */ = {isa = PBXFileReference; fileEncoding = 4; lastKnownFileType = sourcecode.c.h; path = AFFNumericKeyboardDtmf.h; sourceTree = "<group>"; };
		8A12FD531F0FD53500BFF962 /* AFFNumericKeyboardDtmf.m */ = {isa = PBXFileReference; fileEncoding = 4; lastKnownFileType = sourcecode.c.objc; path = AFFNumericKeyboardDtmf.m; sourceTree = "<group>"; };
		8A2E278E1F1CF38700E7C4A5 /* ChooseTransidViewController.h */ = {isa = PBXFileReference; fileEncoding = 4; lastKnownFileType = sourcecode.c.h; path = ChooseTransidViewController.h; sourceTree = "<group>"; };
		8A2E278F1F1CF38700E7C4A5 /* ChooseTransidViewController.m */ = {isa = PBXFileReference; fileEncoding = 4; lastKnownFileType = sourcecode.c.objc; path = ChooseTransidViewController.m; sourceTree = "<group>"; };
		8A408C0C1EFE84AE00C9081F /* MainTabBarController.h */ = {isa = PBXFileReference; fileEncoding = 4; lastKnownFileType = sourcecode.c.h; path = MainTabBarController.h; sourceTree = "<group>"; };
		8A408C0D1EFE84AE00C9081F /* MainTabBarController.m */ = {isa = PBXFileReference; fileEncoding = 4; lastKnownFileType = sourcecode.c.objc; path = MainTabBarController.m; sourceTree = "<group>"; };
		8A408C101EFE855F00C9081F /* TabBar.h */ = {isa = PBXFileReference; fileEncoding = 4; lastKnownFileType = sourcecode.c.h; path = TabBar.h; sourceTree = "<group>"; };
		8A408C111EFE855F00C9081F /* TabBar.m */ = {isa = PBXFileReference; fileEncoding = 4; lastKnownFileType = sourcecode.c.objc; path = TabBar.m; sourceTree = "<group>"; };
		8A408C121EFE855F00C9081F /* TabBarItem.h */ = {isa = PBXFileReference; fileEncoding = 4; lastKnownFileType = sourcecode.c.h; path = TabBarItem.h; sourceTree = "<group>"; };
		8A408C131EFE855F00C9081F /* TabBarItem.m */ = {isa = PBXFileReference; fileEncoding = 4; lastKnownFileType = sourcecode.c.objc; path = TabBarItem.m; sourceTree = "<group>"; };
		8A408C141EFE855F00C9081F /* TabBarBadge.h */ = {isa = PBXFileReference; fileEncoding = 4; lastKnownFileType = sourcecode.c.h; path = TabBarBadge.h; sourceTree = "<group>"; };
		8A408C151EFE855F00C9081F /* TabBarBadge.m */ = {isa = PBXFileReference; fileEncoding = 4; lastKnownFileType = sourcecode.c.objc; path = TabBarBadge.m; sourceTree = "<group>"; };
		8A408C291EFE867500C9081F /* RootViewController.h */ = {isa = PBXFileReference; fileEncoding = 4; lastKnownFileType = sourcecode.c.h; path = RootViewController.h; sourceTree = "<group>"; };
		8A408C2A1EFE867500C9081F /* RootViewController.m */ = {isa = PBXFileReference; fileEncoding = 4; lastKnownFileType = sourcecode.c.objc; path = RootViewController.m; sourceTree = "<group>"; };
		8A408C2E1EFE86E200C9081F /* NJKWebViewProgress.h */ = {isa = PBXFileReference; fileEncoding = 4; lastKnownFileType = sourcecode.c.h; path = NJKWebViewProgress.h; sourceTree = "<group>"; };
		8A408C2F1EFE86E200C9081F /* NJKWebViewProgress.m */ = {isa = PBXFileReference; fileEncoding = 4; lastKnownFileType = sourcecode.c.objc; path = NJKWebViewProgress.m; sourceTree = "<group>"; };
		8A408C301EFE86E200C9081F /* NJKWebViewProgressView.h */ = {isa = PBXFileReference; fileEncoding = 4; lastKnownFileType = sourcecode.c.h; path = NJKWebViewProgressView.h; sourceTree = "<group>"; };
		8A408C311EFE86E200C9081F /* NJKWebViewProgressView.m */ = {isa = PBXFileReference; fileEncoding = 4; lastKnownFileType = sourcecode.c.objc; path = NJKWebViewProgressView.m; sourceTree = "<group>"; };
		8A408C321EFE86E200C9081F /* RootWebViewController.h */ = {isa = PBXFileReference; fileEncoding = 4; lastKnownFileType = sourcecode.c.h; path = RootWebViewController.h; sourceTree = "<group>"; };
		8A408C331EFE86E200C9081F /* RootWebViewController.m */ = {isa = PBXFileReference; fileEncoding = 4; lastKnownFileType = sourcecode.c.objc; path = RootWebViewController.m; sourceTree = "<group>"; };
		8A408C341EFE86E200C9081F /* RxWebViewController.h */ = {isa = PBXFileReference; fileEncoding = 4; lastKnownFileType = sourcecode.c.h; path = RxWebViewController.h; sourceTree = "<group>"; };
		8A408C351EFE86E200C9081F /* RxWebViewController.m */ = {isa = PBXFileReference; fileEncoding = 4; lastKnownFileType = sourcecode.c.objc; path = RxWebViewController.m; sourceTree = "<group>"; };
		8A408C361EFE86E200C9081F /* RxWebViewNavigationViewController.h */ = {isa = PBXFileReference; fileEncoding = 4; lastKnownFileType = sourcecode.c.h; path = RxWebViewNavigationViewController.h; sourceTree = "<group>"; };
		8A408C371EFE86E200C9081F /* RxWebViewNavigationViewController.m */ = {isa = PBXFileReference; fileEncoding = 4; lastKnownFileType = sourcecode.c.objc; path = RxWebViewNavigationViewController.m; sourceTree = "<group>"; };
		8A408C3D1EFE873100C9081F /* RootNavigationController.h */ = {isa = PBXFileReference; fileEncoding = 4; lastKnownFileType = sourcecode.c.h; path = RootNavigationController.h; sourceTree = "<group>"; };
		8A408C3E1EFE873100C9081F /* RootNavigationController.m */ = {isa = PBXFileReference; fileEncoding = 4; lastKnownFileType = sourcecode.c.objc; path = RootNavigationController.m; sourceTree = "<group>"; };
		8A408C401EFE889600C9081F /* LoginViewController.h */ = {isa = PBXFileReference; fileEncoding = 4; lastKnownFileType = sourcecode.c.h; path = LoginViewController.h; sourceTree = "<group>"; };
		8A408C411EFE889600C9081F /* LoginViewController.m */ = {isa = PBXFileReference; fileEncoding = 4; lastKnownFileType = sourcecode.c.objc; path = LoginViewController.m; sourceTree = "<group>"; };
		8A408C431EFE88D300C9081F /* UtilsMacros.h */ = {isa = PBXFileReference; lastKnownFileType = sourcecode.c.h; path = UtilsMacros.h; sourceTree = "<group>"; };
		8A408C441EFE88D300C9081F /* URLMacros.h */ = {isa = PBXFileReference; lastKnownFileType = sourcecode.c.h; path = URLMacros.h; sourceTree = "<group>"; };
		8A408C451EFE88D300C9081F /* CommonMacros.h */ = {isa = PBXFileReference; lastKnownFileType = sourcecode.c.h; path = CommonMacros.h; sourceTree = "<group>"; };
		8A408C461EFE88D300C9081F /* FontAndColorMacros.h */ = {isa = PBXFileReference; lastKnownFileType = sourcecode.c.h; path = FontAndColorMacros.h; sourceTree = "<group>"; };
		8A408C471EFE88D300C9081F /* ThirdMacros.h */ = {isa = PBXFileReference; lastKnownFileType = sourcecode.c.h; path = ThirdMacros.h; sourceTree = "<group>"; };
		8A408C481EFE891300C9081F /* AppDelegate+AppService.h */ = {isa = PBXFileReference; fileEncoding = 4; lastKnownFileType = sourcecode.c.h; path = "AppDelegate+AppService.h"; sourceTree = "<group>"; };
		8A408C491EFE891300C9081F /* AppDelegate+AppService.m */ = {isa = PBXFileReference; fileEncoding = 4; lastKnownFileType = sourcecode.c.objc; path = "AppDelegate+AppService.m"; sourceTree = "<group>"; };
		8A408C4A1EFE891300C9081F /* AppDelegate+PushService.h */ = {isa = PBXFileReference; fileEncoding = 4; lastKnownFileType = sourcecode.c.h; path = "AppDelegate+PushService.h"; sourceTree = "<group>"; };
		8A408C4B1EFE891400C9081F /* AppDelegate+PushService.m */ = {isa = PBXFileReference; fileEncoding = 4; lastKnownFileType = sourcecode.c.objc; path = "AppDelegate+PushService.m"; sourceTree = "<group>"; };
		8A408C4E1EFE89C900C9081F /* HomeViewController.h */ = {isa = PBXFileReference; fileEncoding = 4; lastKnownFileType = sourcecode.c.h; path = HomeViewController.h; sourceTree = "<group>"; };
		8A408C4F1EFE89C900C9081F /* HomeViewController.m */ = {isa = PBXFileReference; fileEncoding = 4; lastKnownFileType = sourcecode.c.objc; path = HomeViewController.m; sourceTree = "<group>"; };
		8A408C511EFE89E100C9081F /* MineViewController.h */ = {isa = PBXFileReference; fileEncoding = 4; lastKnownFileType = sourcecode.c.h; path = MineViewController.h; sourceTree = "<group>"; };
		8A408C521EFE89E100C9081F /* MineViewController.m */ = {isa = PBXFileReference; fileEncoding = 4; lastKnownFileType = sourcecode.c.objc; path = MineViewController.m; sourceTree = "<group>"; };
		8A408C541EFE89F200C9081F /* SettingViewController.h */ = {isa = PBXFileReference; fileEncoding = 4; lastKnownFileType = sourcecode.c.h; path = SettingViewController.h; sourceTree = "<group>"; };
		8A408C551EFE89F200C9081F /* SettingViewController.m */ = {isa = PBXFileReference; fileEncoding = 4; lastKnownFileType = sourcecode.c.objc; path = SettingViewController.m; sourceTree = "<group>"; };
		8A408C5B1EFE8F6100C9081F /* PrefixHeader.pch */ = {isa = PBXFileReference; lastKnownFileType = sourcecode.c.h; path = PrefixHeader.pch; sourceTree = "<group>"; };
		8A408C5C1EFE925400C9081F /* AppManager.h */ = {isa = PBXFileReference; fileEncoding = 4; lastKnownFileType = sourcecode.c.h; path = AppManager.h; sourceTree = "<group>"; };
		8A408C5D1EFE925400C9081F /* AppManager.m */ = {isa = PBXFileReference; fileEncoding = 4; lastKnownFileType = sourcecode.c.objc; path = AppManager.m; sourceTree = "<group>"; };
		8A408C671EFE96A600C9081F /* CallingViewController.h */ = {isa = PBXFileReference; fileEncoding = 4; lastKnownFileType = sourcecode.c.h; path = CallingViewController.h; sourceTree = "<group>"; };
		8A408C681EFE96A600C9081F /* CallingViewController.m */ = {isa = PBXFileReference; fileEncoding = 4; lastKnownFileType = sourcecode.c.objc; path = CallingViewController.m; sourceTree = "<group>"; };
		8A48DAE81F25024D00118CA6 /* AutomaticCalculationWithWidth.h */ = {isa = PBXFileReference; fileEncoding = 4; lastKnownFileType = sourcecode.c.h; path = AutomaticCalculationWithWidth.h; sourceTree = "<group>"; };
		8A48DAE91F25024D00118CA6 /* AutomaticCalculationWithWidth.m */ = {isa = PBXFileReference; fileEncoding = 4; lastKnownFileType = sourcecode.c.objc; path = AutomaticCalculationWithWidth.m; sourceTree = "<group>"; };
		8A48DAEA1F25024D00118CA6 /* Common.h */ = {isa = PBXFileReference; fileEncoding = 4; lastKnownFileType = sourcecode.c.h; path = Common.h; sourceTree = "<group>"; };
		8A48DAEB1F25024D00118CA6 /* Common.m */ = {isa = PBXFileReference; fileEncoding = 4; lastKnownFileType = sourcecode.c.objc; path = Common.m; sourceTree = "<group>"; };
		8A48DAEC1F25024D00118CA6 /* MyDate.h */ = {isa = PBXFileReference; fileEncoding = 4; lastKnownFileType = sourcecode.c.h; path = MyDate.h; sourceTree = "<group>"; };
		8A48DAED1F25024D00118CA6 /* MyDate.m */ = {isa = PBXFileReference; fileEncoding = 4; lastKnownFileType = sourcecode.c.objc; path = MyDate.m; sourceTree = "<group>"; };
		8A48DAEE1F25024D00118CA6 /* MyMd5.h */ = {isa = PBXFileReference; fileEncoding = 4; lastKnownFileType = sourcecode.c.h; path = MyMd5.h; sourceTree = "<group>"; };
		8A48DAEF1F25024D00118CA6 /* MyMd5.m */ = {isa = PBXFileReference; fileEncoding = 4; lastKnownFileType = sourcecode.c.objc; path = MyMd5.m; sourceTree = "<group>"; };
		8A48DAF01F25024D00118CA6 /* NoDataView.h */ = {isa = PBXFileReference; fileEncoding = 4; lastKnownFileType = sourcecode.c.h; path = NoDataView.h; sourceTree = "<group>"; };
		8A48DAF11F25024D00118CA6 /* NoDataView.m */ = {isa = PBXFileReference; fileEncoding = 4; lastKnownFileType = sourcecode.c.objc; path = NoDataView.m; sourceTree = "<group>"; };
		8A48DAF21F25024D00118CA6 /* NSString+checkPhone.h */ = {isa = PBXFileReference; fileEncoding = 4; lastKnownFileType = sourcecode.c.h; path = "NSString+checkPhone.h"; sourceTree = "<group>"; };
		8A48DAF31F25024D00118CA6 /* NSString+checkPhone.m */ = {isa = PBXFileReference; fileEncoding = 4; lastKnownFileType = sourcecode.c.objc; path = "NSString+checkPhone.m"; sourceTree = "<group>"; };
		8A48DAF41F25024D00118CA6 /* SBAPIurl.h */ = {isa = PBXFileReference; fileEncoding = 4; lastKnownFileType = sourcecode.c.h; path = SBAPIurl.h; sourceTree = "<group>"; };
		8A48DAF51F25024D00118CA6 /* SBAPIurl.m */ = {isa = PBXFileReference; fileEncoding = 4; lastKnownFileType = sourcecode.c.objc; path = SBAPIurl.m; sourceTree = "<group>"; };
		8A48DAF61F25024D00118CA6 /* TimeAndTimeStamps.h */ = {isa = PBXFileReference; fileEncoding = 4; lastKnownFileType = sourcecode.c.h; path = TimeAndTimeStamps.h; sourceTree = "<group>"; };
		8A48DAF71F25024D00118CA6 /* TimeAndTimeStamps.m */ = {isa = PBXFileReference; fileEncoding = 4; lastKnownFileType = sourcecode.c.objc; path = TimeAndTimeStamps.m; sourceTree = "<group>"; };
		8A48DAF81F25024D00118CA6 /* UIButton+FillColor.h */ = {isa = PBXFileReference; fileEncoding = 4; lastKnownFileType = sourcecode.c.h; path = "UIButton+FillColor.h"; sourceTree = "<group>"; };
		8A48DAF91F25024D00118CA6 /* UIButton+FillColor.m */ = {isa = PBXFileReference; fileEncoding = 4; lastKnownFileType = sourcecode.c.objc; path = "UIButton+FillColor.m"; sourceTree = "<group>"; };
		8A48DAFA1F25024D00118CA6 /* UIButton+TopBottom.h */ = {isa = PBXFileReference; fileEncoding = 4; lastKnownFileType = sourcecode.c.h; path = "UIButton+TopBottom.h"; sourceTree = "<group>"; };
		8A48DAFB1F25024D00118CA6 /* UIButton+TopBottom.m */ = {isa = PBXFileReference; fileEncoding = 4; lastKnownFileType = sourcecode.c.objc; path = "UIButton+TopBottom.m"; sourceTree = "<group>"; };
		8A48DAFC1F25024D00118CA6 /* UIColor+MyColor.h */ = {isa = PBXFileReference; fileEncoding = 4; lastKnownFileType = sourcecode.c.h; path = "UIColor+MyColor.h"; sourceTree = "<group>"; };
		8A48DAFD1F25024D00118CA6 /* UIColor+MyColor.m */ = {isa = PBXFileReference; fileEncoding = 4; lastKnownFileType = sourcecode.c.objc; path = "UIColor+MyColor.m"; sourceTree = "<group>"; };
		8A48DAFE1F25024D00118CA6 /* UIColor+Random.h */ = {isa = PBXFileReference; fileEncoding = 4; lastKnownFileType = sourcecode.c.h; path = "UIColor+Random.h"; sourceTree = "<group>"; };
		8A48DAFF1F25024D00118CA6 /* UIColor+Random.m */ = {isa = PBXFileReference; fileEncoding = 4; lastKnownFileType = sourcecode.c.objc; path = "UIColor+Random.m"; sourceTree = "<group>"; };
		8A48DB001F25024D00118CA6 /* UIImage+CutCircleImage.h */ = {isa = PBXFileReference; fileEncoding = 4; lastKnownFileType = sourcecode.c.h; path = "UIImage+CutCircleImage.h"; sourceTree = "<group>"; };
		8A48DB011F25024D00118CA6 /* UIImage+CutCircleImage.m */ = {isa = PBXFileReference; fileEncoding = 4; lastKnownFileType = sourcecode.c.objc; path = "UIImage+CutCircleImage.m"; sourceTree = "<group>"; };
		8A48DB021F25024D00118CA6 /* UIImage+EditImage.h */ = {isa = PBXFileReference; fileEncoding = 4; lastKnownFileType = sourcecode.c.h; path = "UIImage+EditImage.h"; sourceTree = "<group>"; };
		8A48DB031F25024D00118CA6 /* UIImage+EditImage.m */ = {isa = PBXFileReference; fileEncoding = 4; lastKnownFileType = sourcecode.c.objc; path = "UIImage+EditImage.m"; sourceTree = "<group>"; };
		8A51AC811EFFE1CF00824269 /* ChooseNumViewController.h */ = {isa = PBXFileReference; fileEncoding = 4; lastKnownFileType = sourcecode.c.h; path = ChooseNumViewController.h; sourceTree = "<group>"; };
		8A51AC821EFFE1CF00824269 /* ChooseNumViewController.m */ = {isa = PBXFileReference; fileEncoding = 4; lastKnownFileType = sourcecode.c.objc; path = ChooseNumViewController.m; sourceTree = "<group>"; };
		8A51AC851EFFE7C700824269 /* ChooseNumCell.h */ = {isa = PBXFileReference; fileEncoding = 4; lastKnownFileType = sourcecode.c.h; path = ChooseNumCell.h; sourceTree = "<group>"; };
		8A51AC861EFFE7C700824269 /* ChooseNumCell.m */ = {isa = PBXFileReference; fileEncoding = 4; lastKnownFileType = sourcecode.c.objc; path = ChooseNumCell.m; sourceTree = "<group>"; };
		8A51D4391F09E12B009F6B2E /* CalllogCell.h */ = {isa = PBXFileReference; fileEncoding = 4; lastKnownFileType = sourcecode.c.h; path = CalllogCell.h; sourceTree = "<group>"; };
		8A51D43A1F09E12B009F6B2E /* CalllogCell.m */ = {isa = PBXFileReference; fileEncoding = 4; lastKnownFileType = sourcecode.c.objc; path = CalllogCell.m; sourceTree = "<group>"; };
		8A83F35D1EFFB6E800F1BB84 /* QCheckBox.h */ = {isa = PBXFileReference; fileEncoding = 4; lastKnownFileType = sourcecode.c.h; path = QCheckBox.h; sourceTree = "<group>"; };
		8A83F35E1EFFB6E800F1BB84 /* QCheckBox.m */ = {isa = PBXFileReference; fileEncoding = 4; lastKnownFileType = sourcecode.c.objc; path = QCheckBox.m; sourceTree = "<group>"; };
		8A83F3631EFFD01200F1BB84 /* UserManager.h */ = {isa = PBXFileReference; fileEncoding = 4; lastKnownFileType = sourcecode.c.h; path = UserManager.h; sourceTree = "<group>"; };
		8A83F3641EFFD01200F1BB84 /* UserManager.m */ = {isa = PBXFileReference; fileEncoding = 4; lastKnownFileType = sourcecode.c.objc; path = UserManager.m; sourceTree = "<group>"; };
		8A86AE0B1EFD5DDF00C8533F /* VirtualNum.app */ = {isa = PBXFileReference; explicitFileType = wrapper.application; includeInIndex = 0; path = VirtualNum.app; sourceTree = BUILT_PRODUCTS_DIR; };
		8A86AE0F1EFD5DDF00C8533F /* main.m */ = {isa = PBXFileReference; lastKnownFileType = sourcecode.c.objc; name = main.m; path = ../main.m; sourceTree = "<group>"; };
		8A86AE111EFD5DDF00C8533F /* AppDelegate.h */ = {isa = PBXFileReference; lastKnownFileType = sourcecode.c.h; name = AppDelegate.h; path = VirtualNum/AppDelegate.h; sourceTree = SOURCE_ROOT; };
		8A86AE121EFD5DDF00C8533F /* AppDelegate.m */ = {isa = PBXFileReference; lastKnownFileType = sourcecode.c.objc; name = AppDelegate.m; path = VirtualNum/AppDelegate.m; sourceTree = SOURCE_ROOT; };
		8A86AE1A1EFD5DDF00C8533F /* Assets.xcassets */ = {isa = PBXFileReference; lastKnownFileType = folder.assetcatalog; path = Assets.xcassets; sourceTree = "<group>"; };
		8A86AE1F1EFD5DDF00C8533F /* Info.plist */ = {isa = PBXFileReference; lastKnownFileType = text.plist.xml; name = Info.plist; path = ../Info.plist; sourceTree = "<group>"; };
		8AB692A11F0543AE0016C3DF /* PPAddressBookHandle.h */ = {isa = PBXFileReference; fileEncoding = 4; lastKnownFileType = sourcecode.c.h; path = PPAddressBookHandle.h; sourceTree = "<group>"; };
		8AB692A21F0543AE0016C3DF /* PPAddressBookHandle.m */ = {isa = PBXFileReference; fileEncoding = 4; lastKnownFileType = sourcecode.c.objc; path = PPAddressBookHandle.m; sourceTree = "<group>"; };
		8AB692A31F0543AE0016C3DF /* PPGetAddressBook.h */ = {isa = PBXFileReference; fileEncoding = 4; lastKnownFileType = sourcecode.c.h; path = PPGetAddressBook.h; sourceTree = "<group>"; };
		8AB692A41F0543AE0016C3DF /* PPGetAddressBook.m */ = {isa = PBXFileReference; fileEncoding = 4; lastKnownFileType = sourcecode.c.objc; path = PPGetAddressBook.m; sourceTree = "<group>"; };
		8AB692A51F0543AE0016C3DF /* PPPersonModel.h */ = {isa = PBXFileReference; fileEncoding = 4; lastKnownFileType = sourcecode.c.h; path = PPPersonModel.h; sourceTree = "<group>"; };
		8AB692A61F0543AE0016C3DF /* PPPersonModel.m */ = {isa = PBXFileReference; fileEncoding = 4; lastKnownFileType = sourcecode.c.objc; path = PPPersonModel.m; sourceTree = "<group>"; };
		8AB692A71F0543AE0016C3DF /* PPSingleton.h */ = {isa = PBXFileReference; fileEncoding = 4; lastKnownFileType = sourcecode.c.h; path = PPSingleton.h; sourceTree = "<group>"; };
		8AB7C0031F015DF00027EBFB /* AdPageView.h */ = {isa = PBXFileReference; fileEncoding = 4; lastKnownFileType = sourcecode.c.h; path = AdPageView.h; sourceTree = "<group>"; };
		8AB7C0041F015DF00027EBFB /* AdPageView.m */ = {isa = PBXFileReference; fileEncoding = 4; lastKnownFileType = sourcecode.c.objc; path = AdPageView.m; sourceTree = "<group>"; };
		8AB7C0061F015E020027EBFB /* AFNetAPIClient.h */ = {isa = PBXFileReference; fileEncoding = 4; lastKnownFileType = sourcecode.c.h; path = AFNetAPIClient.h; sourceTree = "<group>"; };
		8AB7C0071F015E020027EBFB /* AFNetAPIClient.m */ = {isa = PBXFileReference; fileEncoding = 4; lastKnownFileType = sourcecode.c.objc; path = AFNetAPIClient.m; sourceTree = "<group>"; };
		8AB7C0091F015E060027EBFB /* MBProgressHUD+XY.h */ = {isa = PBXFileReference; lastKnownFileType = sourcecode.c.h; path = "MBProgressHUD+XY.h"; sourceTree = "<group>"; };
		8AB7C00A1F015E120027EBFB /* MBProgressHUD+XY.m */ = {isa = PBXFileReference; fileEncoding = 4; lastKnownFileType = sourcecode.c.objc; path = "MBProgressHUD+XY.m"; sourceTree = "<group>"; };
		8AB7C00D1F015E440027EBFB /* HWPopTool.h */ = {isa = PBXFileReference; fileEncoding = 4; lastKnownFileType = sourcecode.c.h; path = HWPopTool.h; sourceTree = "<group>"; };
		8AB7C00E1F015E440027EBFB /* HWPopTool.m */ = {isa = PBXFileReference; fileEncoding = 4; lastKnownFileType = sourcecode.c.objc; path = HWPopTool.m; sourceTree = "<group>"; };
		8AC740C01F08E53C008F1E0C /* UIAlertController+PPPersonModel.h */ = {isa = PBXFileReference; fileEncoding = 4; lastKnownFileType = sourcecode.c.h; path = "UIAlertController+PPPersonModel.h"; sourceTree = "<group>"; };
		8AC740C11F08E53C008F1E0C /* UIAlertController+PPPersonModel.m */ = {isa = PBXFileReference; fileEncoding = 4; lastKnownFileType = sourcecode.c.objc; path = "UIAlertController+PPPersonModel.m"; sourceTree = "<group>"; };
		8AC740C31F08F030008F1E0C /* ChooseServiceViewController.h */ = {isa = PBXFileReference; fileEncoding = 4; lastKnownFileType = sourcecode.c.h; path = ChooseServiceViewController.h; sourceTree = "<group>"; };
		8AC740C41F08F030008F1E0C /* ChooseServiceViewController.m */ = {isa = PBXFileReference; fileEncoding = 4; lastKnownFileType = sourcecode.c.objc; path = ChooseServiceViewController.m; sourceTree = "<group>"; };
		8AC740CA1F08F23C008F1E0C /* CallSettingsCell.h */ = {isa = PBXFileReference; fileEncoding = 4; lastKnownFileType = sourcecode.c.h; path = CallSettingsCell.h; sourceTree = "<group>"; };
		8AC740CB1F08F23C008F1E0C /* CallSettingsCell.m */ = {isa = PBXFileReference; fileEncoding = 4; lastKnownFileType = sourcecode.c.objc; path = CallSettingsCell.m; sourceTree = "<group>"; };
		8AC740CC1F08F23C008F1E0C /* CallSettingsCell.xib */ = {isa = PBXFileReference; fileEncoding = 4; lastKnownFileType = file.xib; path = CallSettingsCell.xib; sourceTree = "<group>"; };
		8AC740CF1F08F9AA008F1E0C /* BindPhoneViewController.h */ = {isa = PBXFileReference; fileEncoding = 4; lastKnownFileType = sourcecode.c.h; path = BindPhoneViewController.h; sourceTree = "<group>"; };
		8AC740D01F08F9AA008F1E0C /* BindPhoneViewController.m */ = {isa = PBXFileReference; fileEncoding = 4; lastKnownFileType = sourcecode.c.objc; path = BindPhoneViewController.m; sourceTree = "<group>"; };
		8AC740D21F090B95008F1E0C /* CallPhone.h */ = {isa = PBXFileReference; fileEncoding = 4; lastKnownFileType = sourcecode.c.h; name = CallPhone.h; path = ../Controller/CallPhone.h; sourceTree = "<group>"; };
		8AC740D31F090B95008F1E0C /* CallPhone.m */ = {isa = PBXFileReference; fileEncoding = 4; lastKnownFileType = sourcecode.c.objc; name = CallPhone.m; path = ../Controller/CallPhone.m; sourceTree = "<group>"; };
		8AC740D61F091FAD008F1E0C /* CallLog.h */ = {isa = PBXFileReference; fileEncoding = 4; lastKnownFileType = sourcecode.c.h; path = CallLog.h; sourceTree = "<group>"; };
		8AC740D71F091FAD008F1E0C /* CallLog.m */ = {isa = PBXFileReference; fileEncoding = 4; lastKnownFileType = sourcecode.c.objc; path = CallLog.m; sourceTree = "<group>"; };
		8AC740DA1F092229008F1E0C /* DataBase.h */ = {isa = PBXFileReference; fileEncoding = 4; lastKnownFileType = sourcecode.c.h; path = DataBase.h; sourceTree = "<group>"; };
		8AC740DB1F092229008F1E0C /* DataBase.m */ = {isa = PBXFileReference; fileEncoding = 4; lastKnownFileType = sourcecode.c.objc; path = DataBase.m; sourceTree = "<group>"; };
		8AC740DD1F0929E1008F1E0C /* CoreTelephony.framework */ = {isa = PBXFileReference; lastKnownFileType = wrapper.framework; name = CoreTelephony.framework; path = System/Library/Frameworks/CoreTelephony.framework; sourceTree = SDKROOT; };
		8AE2116F1F0E841F004E52C3 /* GTMBase64.h */ = {isa = PBXFileReference; fileEncoding = 4; lastKnownFileType = sourcecode.c.h; path = GTMBase64.h; sourceTree = "<group>"; };
		8AE211701F0E841F004E52C3 /* GTMBase64.m */ = {isa = PBXFileReference; fileEncoding = 4; lastKnownFileType = sourcecode.c.objc; path = GTMBase64.m; sourceTree = "<group>"; };
		8AE211711F0E841F004E52C3 /* GTMDefines.h */ = {isa = PBXFileReference; fileEncoding = 4; lastKnownFileType = sourcecode.c.h; path = GTMDefines.h; sourceTree = "<group>"; };
		8AE211761F0E9BBF004E52C3 /* en */ = {isa = PBXFileReference; lastKnownFileType = text.plist.strings; name = en; path = en.lproj/InfoPlist.strings; sourceTree = "<group>"; };
		8AE211781F0E9BEC004E52C3 /* zh-Hans */ = {isa = PBXFileReference; lastKnownFileType = text.plist.strings; name = "zh-Hans"; path = "zh-Hans.lproj/InfoPlist.strings"; sourceTree = "<group>"; };
		8AE2117C1F0E9C71004E52C3 /* en */ = {isa = PBXFileReference; lastKnownFileType = text.plist.strings; name = en; path = en.lproj/Localizable.strings; sourceTree = "<group>"; };
		8AE2117E1F0E9C87004E52C3 /* zh-Hans */ = {isa = PBXFileReference; lastKnownFileType = text.plist.strings; name = "zh-Hans"; path = "zh-Hans.lproj/Localizable.strings"; sourceTree = "<group>"; };
		8AFF501F1F12661400A0A0BC /* CallLogDetailViewController.h */ = {isa = PBXFileReference; fileEncoding = 4; lastKnownFileType = sourcecode.c.h; path = CallLogDetailViewController.h; sourceTree = "<group>"; };
		8AFF50201F12661400A0A0BC /* CallLogDetailViewController.m */ = {isa = PBXFileReference; fileEncoding = 4; lastKnownFileType = sourcecode.c.objc; path = CallLogDetailViewController.m; sourceTree = "<group>"; };
		8AFF50231F126CCA00A0A0BC /* CalllogDetailCell.h */ = {isa = PBXFileReference; fileEncoding = 4; lastKnownFileType = sourcecode.c.h; path = CalllogDetailCell.h; sourceTree = "<group>"; };
		8AFF50241F126CCA00A0A0BC /* CalllogDetailCell.m */ = {isa = PBXFileReference; fileEncoding = 4; lastKnownFileType = sourcecode.c.objc; path = CalllogDetailCell.m; sourceTree = "<group>"; };
		8AFF50251F126CCA00A0A0BC /* CalllogDetailCell.xib */ = {isa = PBXFileReference; fileEncoding = 4; lastKnownFileType = file.xib; path = CalllogDetailCell.xib; sourceTree = "<group>"; };
		8AFF50281F126D1900A0A0BC /* ContactCell.h */ = {isa = PBXFileReference; fileEncoding = 4; lastKnownFileType = sourcecode.c.h; path = ContactCell.h; sourceTree = "<group>"; };
		8AFF50291F126D1900A0A0BC /* ContactCell.m */ = {isa = PBXFileReference; fileEncoding = 4; lastKnownFileType = sourcecode.c.objc; path = ContactCell.m; sourceTree = "<group>"; };
		8AFF502A1F126D1900A0A0BC /* ContactCell.xib */ = {isa = PBXFileReference; fileEncoding = 4; lastKnownFileType = file.xib; path = ContactCell.xib; sourceTree = "<group>"; };
/* End PBXFileReference section */

/* Begin PBXFrameworksBuildPhase section */
		8A86AE081EFD5DDF00C8533F /* Frameworks */ = {
			isa = PBXFrameworksBuildPhase;
			buildActionMask = 2147483647;
			files = (
				8AC740DE1F0929E1008F1E0C /* CoreTelephony.framework in Frameworks */,
				A168D58146F3F5D1679B630E /* libPods-VirtualNum.a in Frameworks */,
			);
			runOnlyForDeploymentPostprocessing = 0;
		};
/* End PBXFrameworksBuildPhase section */

/* Begin PBXGroup section */
		5268C274C24B40A9228FBAA5 /* Frameworks */ = {
			isa = PBXGroup;
			children = (
				8AC740DD1F0929E1008F1E0C /* CoreTelephony.framework */,
				49FABA1EA2210A0556BFAE0F /* libPods-VirtualNum.a */,
			);
			name = Frameworks;
			sourceTree = "<group>";
		};
		8A12FD4F1F0FD53500BFF962 /* NumericKeyboard */ = {
			isa = PBXGroup;
			children = (
				8A12FD501F0FD53500BFF962 /* AFFNumericKeyboard.h */,
				8A12FD511F0FD53500BFF962 /* AFFNumericKeyboard.m */,
				8A12FD521F0FD53500BFF962 /* AFFNumericKeyboardDtmf.h */,
				8A12FD531F0FD53500BFF962 /* AFFNumericKeyboardDtmf.m */,
			);
			path = NumericKeyboard;
			sourceTree = "<group>";
		};
		8A408BFD1EFE83CE00C9081F /* AppDelegate */ = {
			isa = PBXGroup;
			children = (
				8A86AE111EFD5DDF00C8533F /* AppDelegate.h */,
				8A86AE121EFD5DDF00C8533F /* AppDelegate.m */,
				8A408C481EFE891300C9081F /* AppDelegate+AppService.h */,
				8A408C491EFE891300C9081F /* AppDelegate+AppService.m */,
				8A408C4A1EFE891300C9081F /* AppDelegate+PushService.h */,
				8A408C4B1EFE891400C9081F /* AppDelegate+PushService.m */,
			);
			path = AppDelegate;
			sourceTree = "<group>";
		};
		8A408BFE1EFE83DE00C9081F /* Base */ = {
			isa = PBXGroup;
			children = (
				8A408C0B1EFE845A00C9081F /* TabbarController */,
				8A408C091EFE845A00C9081F /* NavigationController */,
				8A408C0A1EFE845A00C9081F /* RootViewController */,
				8A408C2C1EFE86E200C9081F /* WebViewController */,
			);
			path = Base;
			sourceTree = "<group>";
		};
		8A408BFF1EFE83DE00C9081F /* Define */ = {
			isa = PBXGroup;
			children = (
				8A408C431EFE88D300C9081F /* UtilsMacros.h */,
				8A408C441EFE88D300C9081F /* URLMacros.h */,
				8A408C451EFE88D300C9081F /* CommonMacros.h */,
				8A408C461EFE88D300C9081F /* FontAndColorMacros.h */,
				8A408C471EFE88D300C9081F /* ThirdMacros.h */,
			);
			path = Define;
			sourceTree = "<group>";
		};
		8A408C001EFE83DE00C9081F /* Manager */ = {
			isa = PBXGroup;
			children = (
				8A83F3631EFFD01200F1BB84 /* UserManager.h */,
				8A83F3641EFFD01200F1BB84 /* UserManager.m */,
				8A408C5C1EFE925400C9081F /* AppManager.h */,
				8A408C5D1EFE925400C9081F /* AppManager.m */,
			);
			path = Manager;
			sourceTree = "<group>";
		};
		8A408C011EFE83DE00C9081F /* Modules */ = {
			isa = PBXGroup;
			children = (
				8A408C1D1EFE863300C9081F /* Login */,
				8A408C191EFE863300C9081F /* Home */,
				8A408C631EFE969000C9081F /* Calling */,
				8A408C211EFE863300C9081F /* Mine */,
				8A408C251EFE863300C9081F /* Setting */,
			);
			path = Modules;
			sourceTree = "<group>";
		};
		8A408C061EFE83DE00C9081F /* Resorce */ = {
			isa = PBXGroup;
			children = (
			);
			path = Resorce;
			sourceTree = "<group>";
		};
		8A408C071EFE83DE00C9081F /* ThridParty */ = {
			isa = PBXGroup;
			children = (
				8A12FD4F1F0FD53500BFF962 /* NumericKeyboard */,
				8AC740D91F092219008F1E0C /* FMDateBase */,
				8AB692A01F0543AE0016C3DF /* PPGetAddressBook */,
			);
			path = ThridParty;
			sourceTree = "<group>";
		};
		8A408C091EFE845A00C9081F /* NavigationController */ = {
			isa = PBXGroup;
			children = (
				8A408C3D1EFE873100C9081F /* RootNavigationController.h */,
				8A408C3E1EFE873100C9081F /* RootNavigationController.m */,
			);
			path = NavigationController;
			sourceTree = "<group>";
		};
		8A408C0A1EFE845A00C9081F /* RootViewController */ = {
			isa = PBXGroup;
			children = (
				8A408C291EFE867500C9081F /* RootViewController.h */,
				8A408C2A1EFE867500C9081F /* RootViewController.m */,
			);
			path = RootViewController;
			sourceTree = "<group>";
		};
		8A408C0B1EFE845A00C9081F /* TabbarController */ = {
			isa = PBXGroup;
			children = (
				8A408C0F1EFE854300C9081F /* TabBarView */,
				8A408C0C1EFE84AE00C9081F /* MainTabBarController.h */,
				8A408C0D1EFE84AE00C9081F /* MainTabBarController.m */,
			);
			path = TabbarController;
			sourceTree = "<group>";
		};
		8A408C0F1EFE854300C9081F /* TabBarView */ = {
			isa = PBXGroup;
			children = (
				8A408C101EFE855F00C9081F /* TabBar.h */,
				8A408C111EFE855F00C9081F /* TabBar.m */,
				8A408C121EFE855F00C9081F /* TabBarItem.h */,
				8A408C131EFE855F00C9081F /* TabBarItem.m */,
				8A408C141EFE855F00C9081F /* TabBarBadge.h */,
				8A408C151EFE855F00C9081F /* TabBarBadge.m */,
			);
			name = TabBarView;
			sourceTree = "<group>";
		};
		8A408C191EFE863300C9081F /* Home */ = {
			isa = PBXGroup;
			children = (
				8A408C1A1EFE863300C9081F /* Controller */,
				8A408C1B1EFE863300C9081F /* Model */,
				8A408C1C1EFE863300C9081F /* View */,
			);
			path = Home;
			sourceTree = "<group>";
		};
		8A408C1A1EFE863300C9081F /* Controller */ = {
			isa = PBXGroup;
			children = (
				8A408C4E1EFE89C900C9081F /* HomeViewController.h */,
				8A408C4F1EFE89C900C9081F /* HomeViewController.m */,
				8A51AC811EFFE1CF00824269 /* ChooseNumViewController.h */,
				8A51AC821EFFE1CF00824269 /* ChooseNumViewController.m */,
				8AFF501F1F12661400A0A0BC /* CallLogDetailViewController.h */,
				8AFF50201F12661400A0A0BC /* CallLogDetailViewController.m */,
				8A2E278E1F1CF38700E7C4A5 /* ChooseTransidViewController.h */,
				8A2E278F1F1CF38700E7C4A5 /* ChooseTransidViewController.m */,
			);
			path = Controller;
			sourceTree = "<group>";
		};
		8A408C1B1EFE863300C9081F /* Model */ = {
			isa = PBXGroup;
			children = (
				8AC740D61F091FAD008F1E0C /* CallLog.h */,
				8AC740D71F091FAD008F1E0C /* CallLog.m */,
			);
			path = Model;
			sourceTree = "<group>";
		};
		8A408C1C1EFE863300C9081F /* View */ = {
			isa = PBXGroup;
			children = (
				8A51AC851EFFE7C700824269 /* ChooseNumCell.h */,
				8A51AC861EFFE7C700824269 /* ChooseNumCell.m */,
				8A51D4391F09E12B009F6B2E /* CalllogCell.h */,
				8A51D43A1F09E12B009F6B2E /* CalllogCell.m */,
				8AFF50231F126CCA00A0A0BC /* CalllogDetailCell.h */,
				8AFF50241F126CCA00A0A0BC /* CalllogDetailCell.m */,
				8AFF50251F126CCA00A0A0BC /* CalllogDetailCell.xib */,
				8AFF50281F126D1900A0A0BC /* ContactCell.h */,
				8AFF50291F126D1900A0A0BC /* ContactCell.m */,
				8AFF502A1F126D1900A0A0BC /* ContactCell.xib */,
			);
			path = View;
			sourceTree = "<group>";
		};
		8A408C1D1EFE863300C9081F /* Login */ = {
			isa = PBXGroup;
			children = (
				8A408C1E1EFE863300C9081F /* Controller */,
				8A408C1F1EFE863300C9081F /* Model */,
				8A408C201EFE863300C9081F /* View */,
			);
			path = Login;
			sourceTree = "<group>";
		};
		8A408C1E1EFE863300C9081F /* Controller */ = {
			isa = PBXGroup;
			children = (
				8A408C401EFE889600C9081F /* LoginViewController.h */,
				8A408C411EFE889600C9081F /* LoginViewController.m */,
			);
			path = Controller;
			sourceTree = "<group>";
		};
		8A408C1F1EFE863300C9081F /* Model */ = {
			isa = PBXGroup;
			children = (
			);
			path = Model;
			sourceTree = "<group>";
		};
		8A408C201EFE863300C9081F /* View */ = {
			isa = PBXGroup;
			children = (
				8A83F35D1EFFB6E800F1BB84 /* QCheckBox.h */,
				8A83F35E1EFFB6E800F1BB84 /* QCheckBox.m */,
			);
			path = View;
			sourceTree = "<group>";
		};
		8A408C211EFE863300C9081F /* Mine */ = {
			isa = PBXGroup;
			children = (
				8A408C221EFE863300C9081F /* Controller */,
				8A408C231EFE863300C9081F /* Model */,
				8A408C241EFE863300C9081F /* View */,
			);
			path = Mine;
			sourceTree = "<group>";
		};
		8A408C221EFE863300C9081F /* Controller */ = {
			isa = PBXGroup;
			children = (
				8A408C511EFE89E100C9081F /* MineViewController.h */,
				8A408C521EFE89E100C9081F /* MineViewController.m */,
				8AC740C31F08F030008F1E0C /* ChooseServiceViewController.h */,
				8AC740C41F08F030008F1E0C /* ChooseServiceViewController.m */,
				8AC740CF1F08F9AA008F1E0C /* BindPhoneViewController.h */,
				8AC740D01F08F9AA008F1E0C /* BindPhoneViewController.m */,
			);
			path = Controller;
			sourceTree = "<group>";
		};
		8A408C231EFE863300C9081F /* Model */ = {
			isa = PBXGroup;
			children = (
			);
			path = Model;
			sourceTree = "<group>";
		};
		8A408C241EFE863300C9081F /* View */ = {
			isa = PBXGroup;
			children = (
				8AC740CA1F08F23C008F1E0C /* CallSettingsCell.h */,
				8AC740CB1F08F23C008F1E0C /* CallSettingsCell.m */,
				8AC740CC1F08F23C008F1E0C /* CallSettingsCell.xib */,
			);
			path = View;
			sourceTree = "<group>";
		};
		8A408C251EFE863300C9081F /* Setting */ = {
			isa = PBXGroup;
			children = (
				8A408C261EFE863300C9081F /* Controller */,
				8A408C271EFE863300C9081F /* Model */,
				8A408C281EFE863300C9081F /* View */,
			);
			path = Setting;
			sourceTree = "<group>";
		};
		8A408C261EFE863300C9081F /* Controller */ = {
			isa = PBXGroup;
			children = (
				8A408C541EFE89F200C9081F /* SettingViewController.h */,
				8A408C551EFE89F200C9081F /* SettingViewController.m */,
			);
			path = Controller;
			sourceTree = "<group>";
		};
		8A408C271EFE863300C9081F /* Model */ = {
			isa = PBXGroup;
			children = (
			);
			path = Model;
			sourceTree = "<group>";
		};
		8A408C281EFE863300C9081F /* View */ = {
			isa = PBXGroup;
			children = (
			);
			path = View;
			sourceTree = "<group>";
		};
		8A408C2C1EFE86E200C9081F /* WebViewController */ = {
			isa = PBXGroup;
			children = (
				8A408C2D1EFE86E200C9081F /* NJKWebViewProgress */,
				8A408C321EFE86E200C9081F /* RootWebViewController.h */,
				8A408C331EFE86E200C9081F /* RootWebViewController.m */,
				8A408C341EFE86E200C9081F /* RxWebViewController.h */,
				8A408C351EFE86E200C9081F /* RxWebViewController.m */,
				8A408C361EFE86E200C9081F /* RxWebViewNavigationViewController.h */,
				8A408C371EFE86E200C9081F /* RxWebViewNavigationViewController.m */,
			);
			path = WebViewController;
			sourceTree = "<group>";
		};
		8A408C2D1EFE86E200C9081F /* NJKWebViewProgress */ = {
			isa = PBXGroup;
			children = (
				8A408C2E1EFE86E200C9081F /* NJKWebViewProgress.h */,
				8A408C2F1EFE86E200C9081F /* NJKWebViewProgress.m */,
				8A408C301EFE86E200C9081F /* NJKWebViewProgressView.h */,
				8A408C311EFE86E200C9081F /* NJKWebViewProgressView.m */,
			);
			path = NJKWebViewProgress;
			sourceTree = "<group>";
		};
		8A408C591EFE8CBF00C9081F /* Supporting Flies */ = {
			isa = PBXGroup;
			children = (
				8A408C5B1EFE8F6100C9081F /* PrefixHeader.pch */,
				8A86AE1F1EFD5DDF00C8533F /* Info.plist */,
				8A86AE0F1EFD5DDF00C8533F /* main.m */,
				8AE211771F0E9BBF004E52C3 /* InfoPlist.strings */,
				8AE2117D1F0E9C71004E52C3 /* Localizable.strings */,
			);
			path = "Supporting Flies";
			sourceTree = "<group>";
		};
		8A408C631EFE969000C9081F /* Calling */ = {
			isa = PBXGroup;
			children = (
				8A408C641EFE969000C9081F /* Controller */,
				8A408C651EFE969000C9081F /* Model */,
				8A408C661EFE969000C9081F /* View */,
			);
			path = Calling;
			sourceTree = "<group>";
		};
		8A408C641EFE969000C9081F /* Controller */ = {
			isa = PBXGroup;
			children = (
				8A408C671EFE96A600C9081F /* CallingViewController.h */,
				8A408C681EFE96A600C9081F /* CallingViewController.m */,
				8AC740C01F08E53C008F1E0C /* UIAlertController+PPPersonModel.h */,
				8AC740C11F08E53C008F1E0C /* UIAlertController+PPPersonModel.m */,
			);
			path = Controller;
			sourceTree = "<group>";
		};
		8A408C651EFE969000C9081F /* Model */ = {
			isa = PBXGroup;
			children = (
				8AC740D21F090B95008F1E0C /* CallPhone.h */,
				8AC740D31F090B95008F1E0C /* CallPhone.m */,
			);
			path = Model;
			sourceTree = "<group>";
		};
		8A408C661EFE969000C9081F /* View */ = {
			isa = PBXGroup;
			children = (
			);
			path = View;
			sourceTree = "<group>";
		};
		8A48DAE71F25024D00118CA6 /* CategoryAndClass */ = {
			isa = PBXGroup;
			children = (
				8A48DAE81F25024D00118CA6 /* AutomaticCalculationWithWidth.h */,
				8A48DAE91F25024D00118CA6 /* AutomaticCalculationWithWidth.m */,
				8A48DAEA1F25024D00118CA6 /* Common.h */,
				8A48DAEB1F25024D00118CA6 /* Common.m */,
				8A48DAEC1F25024D00118CA6 /* MyDate.h */,
				8A48DAED1F25024D00118CA6 /* MyDate.m */,
				8A48DAEE1F25024D00118CA6 /* MyMd5.h */,
				8A48DAEF1F25024D00118CA6 /* MyMd5.m */,
				8A48DAF01F25024D00118CA6 /* NoDataView.h */,
				8A48DAF11F25024D00118CA6 /* NoDataView.m */,
				8A48DAF21F25024D00118CA6 /* NSString+checkPhone.h */,
				8A48DAF31F25024D00118CA6 /* NSString+checkPhone.m */,
				8A48DAF41F25024D00118CA6 /* SBAPIurl.h */,
				8A48DAF51F25024D00118CA6 /* SBAPIurl.m */,
				8A48DAF61F25024D00118CA6 /* TimeAndTimeStamps.h */,
				8A48DAF71F25024D00118CA6 /* TimeAndTimeStamps.m */,
				8A48DAF81F25024D00118CA6 /* UIButton+FillColor.h */,
				8A48DAF91F25024D00118CA6 /* UIButton+FillColor.m */,
				8A48DAFA1F25024D00118CA6 /* UIButton+TopBottom.h */,
				8A48DAFB1F25024D00118CA6 /* UIButton+TopBottom.m */,
				8A48DAFC1F25024D00118CA6 /* UIColor+MyColor.h */,
				8A48DAFD1F25024D00118CA6 /* UIColor+MyColor.m */,
				8A48DAFE1F25024D00118CA6 /* UIColor+Random.h */,
				8A48DAFF1F25024D00118CA6 /* UIColor+Random.m */,
				8A48DB001F25024D00118CA6 /* UIImage+CutCircleImage.h */,
				8A48DB011F25024D00118CA6 /* UIImage+CutCircleImage.m */,
				8A48DB021F25024D00118CA6 /* UIImage+EditImage.h */,
				8A48DB031F25024D00118CA6 /* UIImage+EditImage.m */,
			);
			path = CategoryAndClass;
			sourceTree = "<group>";
		};
		8A86AE021EFD5DDF00C8533F = {
			isa = PBXGroup;
			children = (
				8A86AE0D1EFD5DDF00C8533F /* VirtualNum */,
				8A86AE0C1EFD5DDF00C8533F /* Products */,
				D5DF24695592E90556557785 /* Pods */,
				5268C274C24B40A9228FBAA5 /* Frameworks */,
			);
			sourceTree = "<group>";
		};
		8A86AE0C1EFD5DDF00C8533F /* Products */ = {
			isa = PBXGroup;
			children = (
				8A86AE0B1EFD5DDF00C8533F /* VirtualNum.app */,
			);
			name = Products;
			sourceTree = "<group>";
		};
		8A86AE0D1EFD5DDF00C8533F /* VirtualNum */ = {
			isa = PBXGroup;
			children = (
				8A408BFD1EFE83CE00C9081F /* AppDelegate */,
				8A408C011EFE83DE00C9081F /* Modules */,
				8A408C001EFE83DE00C9081F /* Manager */,
				8A408BFE1EFE83DE00C9081F /* Base */,
				8A408C061EFE83DE00C9081F /* Resorce */,
				8A408C071EFE83DE00C9081F /* ThridParty */,
				8A408BFF1EFE83DE00C9081F /* Define */,
				8AB7BFFF1F015DDB0027EBFB /* Utils */,
				8A86AE1A1EFD5DDF00C8533F /* Assets.xcassets */,
				8A408C591EFE8CBF00C9081F /* Supporting Flies */,
			);
			path = VirtualNum;
			sourceTree = "<group>";
		};
		8AB692A01F0543AE0016C3DF /* PPGetAddressBook */ = {
			isa = PBXGroup;
			children = (
				8AB692A11F0543AE0016C3DF /* PPAddressBookHandle.h */,
				8AB692A21F0543AE0016C3DF /* PPAddressBookHandle.m */,
				8AB692A31F0543AE0016C3DF /* PPGetAddressBook.h */,
				8AB692A41F0543AE0016C3DF /* PPGetAddressBook.m */,
				8AB692A51F0543AE0016C3DF /* PPPersonModel.h */,
				8AB692A61F0543AE0016C3DF /* PPPersonModel.m */,
				8AB692A71F0543AE0016C3DF /* PPSingleton.h */,
			);
			path = PPGetAddressBook;
			sourceTree = "<group>";
		};
		8AB7BFFF1F015DDB0027EBFB /* Utils */ = {
			isa = PBXGroup;
			children = (
				8A48DAE71F25024D00118CA6 /* CategoryAndClass */,
				8AE2116E1F0E841F004E52C3 /* GTMBase64 */,
				8AB7C00C1F015E440027EBFB /* ShowPopView */,
				8AB7C0001F015DDB0027EBFB /* AdPage */,
				8AB7C0011F015DDB0027EBFB /* MBProgressHUD */,
				8AB7C0021F015DDB0027EBFB /* Request */,
			);
			path = Utils;
			sourceTree = "<group>";
		};
		8AB7C0001F015DDB0027EBFB /* AdPage */ = {
			isa = PBXGroup;
			children = (
				8AB7C0031F015DF00027EBFB /* AdPageView.h */,
				8AB7C0041F015DF00027EBFB /* AdPageView.m */,
			);
			path = AdPage;
			sourceTree = "<group>";
		};
		8AB7C0011F015DDB0027EBFB /* MBProgressHUD */ = {
			isa = PBXGroup;
			children = (
				8AB7C0091F015E060027EBFB /* MBProgressHUD+XY.h */,
				8AB7C00A1F015E120027EBFB /* MBProgressHUD+XY.m */,
			);
			path = MBProgressHUD;
			sourceTree = "<group>";
		};
		8AB7C0021F015DDB0027EBFB /* Request */ = {
			isa = PBXGroup;
			children = (
				8AB7C0061F015E020027EBFB /* AFNetAPIClient.h */,
				8AB7C0071F015E020027EBFB /* AFNetAPIClient.m */,
			);
			path = Request;
			sourceTree = "<group>";
		};
		8AB7C00C1F015E440027EBFB /* ShowPopView */ = {
			isa = PBXGroup;
			children = (
				8AB7C00D1F015E440027EBFB /* HWPopTool.h */,
				8AB7C00E1F015E440027EBFB /* HWPopTool.m */,
			);
			path = ShowPopView;
			sourceTree = "<group>";
		};
		8AC740D91F092219008F1E0C /* FMDateBase */ = {
			isa = PBXGroup;
			children = (
				8AC740DA1F092229008F1E0C /* DataBase.h */,
				8AC740DB1F092229008F1E0C /* DataBase.m */,
			);
			path = FMDateBase;
			sourceTree = "<group>";
		};
		8AE2116E1F0E841F004E52C3 /* GTMBase64 */ = {
			isa = PBXGroup;
			children = (
				8AE2116F1F0E841F004E52C3 /* GTMBase64.h */,
				8AE211701F0E841F004E52C3 /* GTMBase64.m */,
				8AE211711F0E841F004E52C3 /* GTMDefines.h */,
			);
			path = GTMBase64;
			sourceTree = "<group>";
		};
		D5DF24695592E90556557785 /* Pods */ = {
			isa = PBXGroup;
			children = (
				2475113AD1DACB079ADE9C8D /* Pods-VirtualNum.debug.xcconfig */,
				1B6BBFA975533AC6516270A4 /* Pods-VirtualNum.release.xcconfig */,
			);
			name = Pods;
			sourceTree = "<group>";
		};
/* End PBXGroup section */

/* Begin PBXNativeTarget section */
		8A86AE0A1EFD5DDF00C8533F /* VirtualNum */ = {
			isa = PBXNativeTarget;
			buildConfigurationList = 8A86AE221EFD5DDF00C8533F /* Build configuration list for PBXNativeTarget "VirtualNum" */;
			buildPhases = (
				2ECE4670759D4E470047C74A /* [CP] Check Pods Manifest.lock */,
				8A86AE071EFD5DDF00C8533F /* Sources */,
				8A86AE081EFD5DDF00C8533F /* Frameworks */,
				8A86AE091EFD5DDF00C8533F /* Resources */,
				C24AAFEAEB54E4627A65EA06 /* [CP] Embed Pods Frameworks */,
				92DE34A8FBF25D0A77A77AFD /* [CP] Copy Pods Resources */,
			);
			buildRules = (
			);
			dependencies = (
			);
			name = VirtualNum;
			productName = VirtualNum;
			productReference = 8A86AE0B1EFD5DDF00C8533F /* VirtualNum.app */;
			productType = "com.apple.product-type.application";
		};
/* End PBXNativeTarget section */

/* Begin PBXProject section */
		8A86AE031EFD5DDF00C8533F /* Project object */ = {
			isa = PBXProject;
			attributes = {
				LastUpgradeCheck = 0830;
				ORGANIZATIONNAME = SunnyWu;
				TargetAttributes = {
					8A86AE0A1EFD5DDF00C8533F = {
						CreatedOnToolsVersion = 8.3.3;
						DevelopmentTeam = 5435DSZ4QK;
						ProvisioningStyle = Automatic;
					};
				};
			};
			buildConfigurationList = 8A86AE061EFD5DDF00C8533F /* Build configuration list for PBXProject "VirtualNum" */;
			compatibilityVersion = "Xcode 3.2";
			developmentRegion = English;
			hasScannedForEncodings = 0;
			knownRegions = (
				en,
				Base,
				"zh-Hans",
			);
			mainGroup = 8A86AE021EFD5DDF00C8533F;
			productRefGroup = 8A86AE0C1EFD5DDF00C8533F /* Products */;
			projectDirPath = "";
			projectRoot = "";
			targets = (
				8A86AE0A1EFD5DDF00C8533F /* VirtualNum */,
			);
		};
/* End PBXProject section */

/* Begin PBXResourcesBuildPhase section */
		8A86AE091EFD5DDF00C8533F /* Resources */ = {
			isa = PBXResourcesBuildPhase;
			buildActionMask = 2147483647;
			files = (
				8AFF502C1F126D1900A0A0BC /* ContactCell.xib in Resources */,
				8AC740CE1F08F23C008F1E0C /* CallSettingsCell.xib in Resources */,
				8AE2117B1F0E9C71004E52C3 /* Localizable.strings in Resources */,
				8AFF50271F126CCA00A0A0BC /* CalllogDetailCell.xib in Resources */,
				8AE211751F0E9BBF004E52C3 /* InfoPlist.strings in Resources */,
				8A86AE1B1EFD5DDF00C8533F /* Assets.xcassets in Resources */,
			);
			runOnlyForDeploymentPostprocessing = 0;
		};
/* End PBXResourcesBuildPhase section */

/* Begin PBXShellScriptBuildPhase section */
		2ECE4670759D4E470047C74A /* [CP] Check Pods Manifest.lock */ = {
			isa = PBXShellScriptBuildPhase;
			buildActionMask = 2147483647;
			files = (
			);
			inputPaths = (
			);
			name = "[CP] Check Pods Manifest.lock";
			outputPaths = (
			);
			runOnlyForDeploymentPostprocessing = 0;
			shellPath = /bin/sh;
			shellScript = "diff \"${PODS_PODFILE_DIR_PATH}/Podfile.lock\" \"${PODS_ROOT}/Manifest.lock\" > /dev/null\nif [ $? != 0 ] ; then\n    # print error to STDERR\n    echo \"error: The sandbox is not in sync with the Podfile.lock. Run 'pod install' or update your CocoaPods installation.\" >&2\n    exit 1\nfi\n";
			showEnvVarsInLog = 0;
		};
		92DE34A8FBF25D0A77A77AFD /* [CP] Copy Pods Resources */ = {
			isa = PBXShellScriptBuildPhase;
			buildActionMask = 2147483647;
			files = (
			);
			inputPaths = (
			);
			name = "[CP] Copy Pods Resources";
			outputPaths = (
			);
			runOnlyForDeploymentPostprocessing = 0;
			shellPath = /bin/sh;
			shellScript = "\"${SRCROOT}/../Pods/Target Support Files/Pods-VirtualNum/Pods-VirtualNum-resources.sh\"\n";
			showEnvVarsInLog = 0;
		};
		C24AAFEAEB54E4627A65EA06 /* [CP] Embed Pods Frameworks */ = {
			isa = PBXShellScriptBuildPhase;
			buildActionMask = 2147483647;
			files = (
			);
			inputPaths = (
			);
			name = "[CP] Embed Pods Frameworks";
			outputPaths = (
			);
			runOnlyForDeploymentPostprocessing = 0;
			shellPath = /bin/sh;
			shellScript = "\"${SRCROOT}/../Pods/Target Support Files/Pods-VirtualNum/Pods-VirtualNum-frameworks.sh\"\n";
			showEnvVarsInLog = 0;
		};
/* End PBXShellScriptBuildPhase section */

/* Begin PBXSourcesBuildPhase section */
		8A86AE071EFD5DDF00C8533F /* Sources */ = {
			isa = PBXSourcesBuildPhase;
			buildActionMask = 2147483647;
			files = (
				8AFF502B1F126D1900A0A0BC /* ContactCell.m in Sources */,
				8A408C4D1EFE891400C9081F /* AppDelegate+PushService.m in Sources */,
				8AE211721F0E841F004E52C3 /* GTMBase64.m in Sources */,
				8AC740D81F091FAD008F1E0C /* CallLog.m in Sources */,
				8A48DB0A1F25024D00118CA6 /* SBAPIurl.m in Sources */,
				8A51AC871EFFE7C700824269 /* ChooseNumCell.m in Sources */,
				8A408C161EFE855F00C9081F /* TabBar.m in Sources */,
				8A408C3A1EFE86E200C9081F /* RootWebViewController.m in Sources */,
				8A408C391EFE86E200C9081F /* NJKWebViewProgressView.m in Sources */,
				8A408C0E1EFE84AE00C9081F /* MainTabBarController.m in Sources */,
				8A408C501EFE89C900C9081F /* HomeViewController.m in Sources */,
				8A408C531EFE89E100C9081F /* MineViewController.m in Sources */,
				8A408C691EFE96A600C9081F /* CallingViewController.m in Sources */,
				8A83F35F1EFFB6E800F1BB84 /* QCheckBox.m in Sources */,
				8AB7C0051F015DF00027EBFB /* AdPageView.m in Sources */,
				8A48DB0C1F25024D00118CA6 /* UIButton+FillColor.m in Sources */,
				8A51D43B1F09E12B009F6B2E /* CalllogCell.m in Sources */,
				8A12FD541F0FD53500BFF962 /* AFFNumericKeyboard.m in Sources */,
				8A83F3651EFFD01200F1BB84 /* UserManager.m in Sources */,
				8A48DB051F25024D00118CA6 /* Common.m in Sources */,
				8A408C2B1EFE867500C9081F /* RootViewController.m in Sources */,
				8A48DB041F25024D00118CA6 /* AutomaticCalculationWithWidth.m in Sources */,
				8AC740D41F090B95008F1E0C /* CallPhone.m in Sources */,
				8A12FD551F0FD53500BFF962 /* AFFNumericKeyboardDtmf.m in Sources */,
				8AB692A91F0543AE0016C3DF /* PPGetAddressBook.m in Sources */,
				8A48DB0D1F25024D00118CA6 /* UIButton+TopBottom.m in Sources */,
				8A48DB0B1F25024D00118CA6 /* TimeAndTimeStamps.m in Sources */,
				8AB692AA1F0543AE0016C3DF /* PPPersonModel.m in Sources */,
				8A408C181EFE855F00C9081F /* TabBarBadge.m in Sources */,
				8AFF50261F126CCA00A0A0BC /* CalllogDetailCell.m in Sources */,
				8A408C3C1EFE86E200C9081F /* RxWebViewNavigationViewController.m in Sources */,
				8AC740D11F08F9AA008F1E0C /* BindPhoneViewController.m in Sources */,
				8AFF50211F12661400A0A0BC /* CallLogDetailViewController.m in Sources */,
				8A408C3B1EFE86E200C9081F /* RxWebViewController.m in Sources */,
				8A408C3F1EFE873100C9081F /* RootNavigationController.m in Sources */,
				8AC740C21F08E53C008F1E0C /* UIAlertController+PPPersonModel.m in Sources */,
				8A86AE131EFD5DDF00C8533F /* AppDelegate.m in Sources */,
				8A48DB0F1F25024D00118CA6 /* UIColor+Random.m in Sources */,
				8A48DB061F25024D00118CA6 /* MyDate.m in Sources */,
				8AB7C00B1F015E120027EBFB /* MBProgressHUD+XY.m in Sources */,
				8A48DB081F25024D00118CA6 /* NoDataView.m in Sources */,
				8A2E27901F1CF38700E7C4A5 /* ChooseTransidViewController.m in Sources */,
				8A408C171EFE855F00C9081F /* TabBarItem.m in Sources */,
				8AC740CD1F08F23C008F1E0C /* CallSettingsCell.m in Sources */,
				8A48DB0E1F25024D00118CA6 /* UIColor+MyColor.m in Sources */,
				8A48DB101F25024D00118CA6 /* UIImage+CutCircleImage.m in Sources */,
				8A408C4C1EFE891400C9081F /* AppDelegate+AppService.m in Sources */,
				8AC740DC1F092229008F1E0C /* DataBase.m in Sources */,
				8A408C381EFE86E200C9081F /* NJKWebViewProgress.m in Sources */,
				8AC740C51F08F030008F1E0C /* ChooseServiceViewController.m in Sources */,
				8AB692A81F0543AE0016C3DF /* PPAddressBookHandle.m in Sources */,
				8A48DB091F25024D00118CA6 /* NSString+checkPhone.m in Sources */,
				8AB7C00F1F015E440027EBFB /* HWPopTool.m in Sources */,
				8A86AE101EFD5DDF00C8533F /* main.m in Sources */,
				8A48DB071F25024D00118CA6 /* MyMd5.m in Sources */,
				8A408C421EFE889600C9081F /* LoginViewController.m in Sources */,
				8A51AC831EFFE1CF00824269 /* ChooseNumViewController.m in Sources */,
				8A408C561EFE89F200C9081F /* SettingViewController.m in Sources */,
				8A408C5E1EFE925400C9081F /* AppManager.m in Sources */,
				8AB7C0081F015E020027EBFB /* AFNetAPIClient.m in Sources */,
				8A48DB111F25024D00118CA6 /* UIImage+EditImage.m in Sources */,
			);
			runOnlyForDeploymentPostprocessing = 0;
		};
/* End PBXSourcesBuildPhase section */

/* Begin PBXVariantGroup section */
		8AE211771F0E9BBF004E52C3 /* InfoPlist.strings */ = {
			isa = PBXVariantGroup;
			children = (
				8AE211761F0E9BBF004E52C3 /* en */,
				8AE211781F0E9BEC004E52C3 /* zh-Hans */,
			);
			name = InfoPlist.strings;
			sourceTree = "<group>";
		};
		8AE2117D1F0E9C71004E52C3 /* Localizable.strings */ = {
			isa = PBXVariantGroup;
			children = (
				8AE2117C1F0E9C71004E52C3 /* en */,
				8AE2117E1F0E9C87004E52C3 /* zh-Hans */,
			);
			name = Localizable.strings;
			sourceTree = "<group>";
		};
/* End PBXVariantGroup section */

/* Begin XCBuildConfiguration section */
		8A86AE201EFD5DDF00C8533F /* Debug */ = {
			isa = XCBuildConfiguration;
			buildSettings = {
				ALWAYS_SEARCH_USER_PATHS = NO;
				CLANG_ANALYZER_LOCALIZABILITY_NONLOCALIZED = YES;
				CLANG_ANALYZER_NONNULL = YES;
				CLANG_ANALYZER_NUMBER_OBJECT_CONVERSION = YES_AGGRESSIVE;
				CLANG_CXX_LANGUAGE_STANDARD = "gnu++0x";
				CLANG_CXX_LIBRARY = "libc++";
				CLANG_ENABLE_MODULES = YES;
				CLANG_ENABLE_OBJC_ARC = YES;
				CLANG_WARN_BOOL_CONVERSION = YES;
				CLANG_WARN_CONSTANT_CONVERSION = YES;
				CLANG_WARN_DIRECT_OBJC_ISA_USAGE = YES_ERROR;
				CLANG_WARN_DOCUMENTATION_COMMENTS = YES;
				CLANG_WARN_EMPTY_BODY = YES;
				CLANG_WARN_ENUM_CONVERSION = YES;
				CLANG_WARN_INFINITE_RECURSION = YES;
				CLANG_WARN_INT_CONVERSION = YES;
				CLANG_WARN_OBJC_ROOT_CLASS = YES_ERROR;
				CLANG_WARN_SUSPICIOUS_MOVE = YES;
				CLANG_WARN_UNREACHABLE_CODE = YES;
				CLANG_WARN__DUPLICATE_METHOD_MATCH = YES;
				"CODE_SIGN_IDENTITY[sdk=iphoneos*]" = "iPhone Developer";
				COPY_PHASE_STRIP = NO;
				DEBUG_INFORMATION_FORMAT = dwarf;
				ENABLE_STRICT_OBJC_MSGSEND = YES;
				ENABLE_TESTABILITY = YES;
				GCC_C_LANGUAGE_STANDARD = gnu99;
				GCC_DYNAMIC_NO_PIC = NO;
				GCC_NO_COMMON_BLOCKS = YES;
				GCC_OPTIMIZATION_LEVEL = 0;
				GCC_PREPROCESSOR_DEFINITIONS = (
					"DEBUG=1",
					"$(inherited)",
				);
				GCC_WARN_64_TO_32_BIT_CONVERSION = YES;
				GCC_WARN_ABOUT_RETURN_TYPE = YES_ERROR;
				GCC_WARN_UNDECLARED_SELECTOR = YES;
				GCC_WARN_UNINITIALIZED_AUTOS = YES_AGGRESSIVE;
				GCC_WARN_UNUSED_FUNCTION = YES;
				GCC_WARN_UNUSED_VARIABLE = YES;
				IPHONEOS_DEPLOYMENT_TARGET = 10.3;
				MTL_ENABLE_DEBUG_INFO = YES;
				ONLY_ACTIVE_ARCH = YES;
				SDKROOT = iphoneos;
			};
			name = Debug;
		};
		8A86AE211EFD5DDF00C8533F /* Release */ = {
			isa = XCBuildConfiguration;
			buildSettings = {
				ALWAYS_SEARCH_USER_PATHS = NO;
				CLANG_ANALYZER_LOCALIZABILITY_NONLOCALIZED = YES;
				CLANG_ANALYZER_NONNULL = YES;
				CLANG_ANALYZER_NUMBER_OBJECT_CONVERSION = YES_AGGRESSIVE;
				CLANG_CXX_LANGUAGE_STANDARD = "gnu++0x";
				CLANG_CXX_LIBRARY = "libc++";
				CLANG_ENABLE_MODULES = YES;
				CLANG_ENABLE_OBJC_ARC = YES;
				CLANG_WARN_BOOL_CONVERSION = YES;
				CLANG_WARN_CONSTANT_CONVERSION = YES;
				CLANG_WARN_DIRECT_OBJC_ISA_USAGE = YES_ERROR;
				CLANG_WARN_DOCUMENTATION_COMMENTS = YES;
				CLANG_WARN_EMPTY_BODY = YES;
				CLANG_WARN_ENUM_CONVERSION = YES;
				CLANG_WARN_INFINITE_RECURSION = YES;
				CLANG_WARN_INT_CONVERSION = YES;
				CLANG_WARN_OBJC_ROOT_CLASS = YES_ERROR;
				CLANG_WARN_SUSPICIOUS_MOVE = YES;
				CLANG_WARN_UNREACHABLE_CODE = YES;
				CLANG_WARN__DUPLICATE_METHOD_MATCH = YES;
				"CODE_SIGN_IDENTITY[sdk=iphoneos*]" = "iPhone Developer";
				COPY_PHASE_STRIP = NO;
				DEBUG_INFORMATION_FORMAT = "dwarf-with-dsym";
				ENABLE_NS_ASSERTIONS = NO;
				ENABLE_STRICT_OBJC_MSGSEND = YES;
				GCC_C_LANGUAGE_STANDARD = gnu99;
				GCC_NO_COMMON_BLOCKS = YES;
				GCC_WARN_64_TO_32_BIT_CONVERSION = YES;
				GCC_WARN_ABOUT_RETURN_TYPE = YES_ERROR;
				GCC_WARN_UNDECLARED_SELECTOR = YES;
				GCC_WARN_UNINITIALIZED_AUTOS = YES_AGGRESSIVE;
				GCC_WARN_UNUSED_FUNCTION = YES;
				GCC_WARN_UNUSED_VARIABLE = YES;
				IPHONEOS_DEPLOYMENT_TARGET = 10.3;
				MTL_ENABLE_DEBUG_INFO = NO;
				SDKROOT = iphoneos;
				VALIDATE_PRODUCT = YES;
			};
			name = Release;
		};
		8A86AE231EFD5DDF00C8533F /* Debug */ = {
			isa = XCBuildConfiguration;
			baseConfigurationReference = 2475113AD1DACB079ADE9C8D /* Pods-VirtualNum.debug.xcconfig */;
			buildSettings = {
				ASSETCATALOG_COMPILER_APPICON_NAME = AppIcon;
				ASSETCATALOG_COMPILER_LAUNCHIMAGE_NAME = LaunchImage;
				DEVELOPMENT_TEAM = 5435DSZ4QK;
				GCC_PRECOMPILE_PREFIX_HEADER = YES;
				GCC_PREFIX_HEADER = "$(SRCROOT)/VirtualNum/Supporting Flies/PrefixHeader.pch";
				INFOPLIST_FILE = VirtualNum/Info.plist;
				IPHONEOS_DEPLOYMENT_TARGET = 8.0;
				LD_RUNPATH_SEARCH_PATHS = "$(inherited) @executable_path/Frameworks";
				PRODUCT_BUNDLE_IDENTIFIER = com.livecom.VirtualNum;
				PRODUCT_NAME = "$(TARGET_NAME)";
				USER_HEADER_SEARCH_PATHS = "${SRCROOT} /**";
			};
			name = Debug;
		};
		8A86AE241EFD5DDF00C8533F /* Release */ = {
			isa = XCBuildConfiguration;
			baseConfigurationReference = 1B6BBFA975533AC6516270A4 /* Pods-VirtualNum.release.xcconfig */;
			buildSettings = {
				ASSETCATALOG_COMPILER_APPICON_NAME = AppIcon;
				ASSETCATALOG_COMPILER_LAUNCHIMAGE_NAME = LaunchImage;
				DEVELOPMENT_TEAM = 5435DSZ4QK;
				GCC_PRECOMPILE_PREFIX_HEADER = YES;
				GCC_PREFIX_HEADER = "$(SRCROOT)/VirtualNum/Supporting Flies/PrefixHeader.pch";
				INFOPLIST_FILE = VirtualNum/Info.plist;
				IPHONEOS_DEPLOYMENT_TARGET = 8.0;
				LD_RUNPATH_SEARCH_PATHS = "$(inherited) @executable_path/Frameworks";
				PRODUCT_BUNDLE_IDENTIFIER = com.livecom.VirtualNum;
				PRODUCT_NAME = "$(TARGET_NAME)";
				USER_HEADER_SEARCH_PATHS = "${SRCROOT} /**";
			};
			name = Release;
		};
/* End XCBuildConfiguration section */

/* Begin XCConfigurationList section */
		8A86AE061EFD5DDF00C8533F /* Build configuration list for PBXProject "VirtualNum" */ = {
			isa = XCConfigurationList;
			buildConfigurations = (
				8A86AE201EFD5DDF00C8533F /* Debug */,
				8A86AE211EFD5DDF00C8533F /* Release */,
			);
			defaultConfigurationIsVisible = 0;
			defaultConfigurationName = Release;
		};
		8A86AE221EFD5DDF00C8533F /* Build configuration list for PBXNativeTarget "VirtualNum" */ = {
			isa = XCConfigurationList;
			buildConfigurations = (
				8A86AE231EFD5DDF00C8533F /* Debug */,
				8A86AE241EFD5DDF00C8533F /* Release */,
			);
			defaultConfigurationIsVisible = 0;
			defaultConfigurationName = Release;
		};
/* End XCConfigurationList section */
	};
	rootObject = 8A86AE031EFD5DDF00C8533F /* Project object */;
}
