// !$*UTF8*$!
{
	archiveVersion = 1;
	classes = {
	};
	objectVersion = 46;
	objects = {

/* Begin PBXBuildFile section */
		8A86AE101EFD5DDF00C8533F /* main.m in Sources */ = {isa = PBXBuildFile; fileRef = 8A86AE0F1EFD5DDF00C8533F /* main.m */; };
		8A86AE131EFD5DDF00C8533F /* AppDelegate.m in Sources */ = {isa = PBXBuildFile; fileRef = 8A86AE121EFD5DDF00C8533F /* AppDelegate.m */; };
		8A86AE161EFD5DDF00C8533F /* ViewController.m in Sources */ = {isa = PBXBuildFile; fileRef = 8A86AE151EFD5DDF00C8533F /* ViewController.m */; };
		8A86AE191EFD5DDF00C8533F /* Main.storyboard in Resources */ = {isa = PBXBuildFile; fileRef = 8A86AE171EFD5DDF00C8533F /* Main.storyboard */; };
		8A86AE1B1EFD5DDF00C8533F /* Assets.xcassets in Resources */ = {isa = PBXBuildFile; fileRef = 8A86AE1A1EFD5DDF00C8533F /* Assets.xcassets */; };
		8A86AE1E1EFD5DDF00C8533F /* LaunchScreen.storyboard in Resources */ = {isa = PBXBuildFile; fileRef = 8A86AE1C1EFD5DDF00C8533F /* LaunchScreen.storyboard */; };
/* End PBXBuildFile section */

/* Begin PBXFileReference section */
		8A86AE0B1EFD5DDF00C8533F /* VirtualNum.app */ = {isa = PBXFileReference; explicitFileType = wrapper.application; includeInIndex = 0; path = VirtualNum.app; sourceTree = BUILT_PRODUCTS_DIR; };
		8A86AE0F1EFD5DDF00C8533F /* main.m */ = {isa = PBXFileReference; lastKnownFileType = sourcecode.c.objc; path = main.m; sourceTree = "<group>"; };
		8A86AE111EFD5DDF00C8533F /* AppDelegate.h */ = {isa = PBXFileReference; lastKnownFileType = sourcecode.c.h; path = AppDelegate.h; sourceTree = "<group>"; };
		8A86AE121EFD5DDF00C8533F /* AppDelegate.m */ = {isa = PBXFileReference; lastKnownFileType = sourcecode.c.objc; path = AppDelegate.m; sourceTree = "<group>"; };
		8A86AE141EFD5DDF00C8533F /* ViewController.h */ = {isa = PBXFileReference; lastKnownFileType = sourcecode.c.h; path = ViewController.h; sourceTree = "<group>"; };
		8A86AE151EFD5DDF00C8533F /* ViewController.m */ = {isa = PBXFileReference; lastKnownFileType = sourcecode.c.objc; path = ViewController.m; sourceTree = "<group>"; };
		8A86AE181EFD5DDF00C8533F /* Base */ = {isa = PBXFileReference; lastKnownFileType = file.storyboard; name = Base; path = Base.lproj/Main.storyboard; sourceTree = "<group>"; };
		8A86AE1A1EFD5DDF00C8533F /* Assets.xcassets */ = {isa = PBXFileReference; lastKnownFileType = folder.assetcatalog; path = Assets.xcassets; sourceTree = "<group>"; };
		8A86AE1D1EFD5DDF00C8533F /* Base */ = {isa = PBXFileReference; lastKnownFileType = file.storyboard; name = Base; path = Base.lproj/LaunchScreen.storyboard; sourceTree = "<group>"; };
		8A86AE1F1EFD5DDF00C8533F /* Info.plist */ = {isa = PBXFileReference; lastKnownFileType = text.plist.xml; path = Info.plist; sourceTree = "<group>"; };
/* End PBXFileReference section */

/* Begin PBXFrameworksBuildPhase section */
		8A86AE081EFD5DDF00C8533F /* Frameworks */ = {
			isa = PBXFrameworksBuildPhase;
			buildActionMask = 2147483647;
			files = (
			);
			runOnlyForDeploymentPostprocessing = 0;
		};
/* End PBXFrameworksBuildPhase section */

/* Begin PBXGroup section */
		8A86AE021EFD5DDF00C8533F = {
			isa = PBXGroup;
			children = (
				8A86AE0D1EFD5DDF00C8533F /* VirtualNum */,
				8A86AE0C1EFD5DDF00C8533F /* Products */,
			);
			sourceTree = "<group>";
		};
		8A86AE0C1EFD5DDF00C8533F /* Products */ = {
			isa = PBXGroup;
			children = (
				8A86AE0B1EFD5DDF00C8533F /* VirtualNum.app */,
			);
			name = Products;
			sourceTree = "<group>";
		};
		8A86AE0D1EFD5DDF00C8533F /* VirtualNum */ = {
			isa = PBXGroup;
			children = (
				8A86AE111EFD5DDF00C8533F /* AppDelegate.h */,
				8A86AE121EFD5DDF00C8533F /* AppDelegate.m */,
				8A86AE141EFD5DDF00C8533F /* ViewController.h */,
				8A86AE151EFD5DDF00C8533F /* ViewController.m */,
				8A86AE171EFD5DDF00C8533F /* Main.storyboard */,
				8A86AE1A1EFD5DDF00C8533F /* Assets.xcassets */,
				8A86AE1C1EFD5DDF00C8533F /* LaunchScreen.storyboard */,
				8A86AE1F1EFD5DDF00C8533F /* Info.plist */,
				8A86AE0E1EFD5DDF00C8533F /* Supporting Files */,
			);
			path = VirtualNum;
			sourceTree = "<group>";
		};
		8A86AE0E1EFD5DDF00C8533F /* Supporting Files */ = {
			isa = PBXGroup;
			children = (
				8A86AE0F1EFD5DDF00C8533F /* main.m */,
			);
			name = "Supporting Files";
			sourceTree = "<group>";
		};
/* End PBXGroup section */

/* Begin PBXNativeTarget section */
		8A86AE0A1EFD5DDF00C8533F /* VirtualNum */ = {
			isa = PBXNativeTarget;
			buildConfigurationList = 8A86AE221EFD5DDF00C8533F /* Build configuration list for PBXNativeTarget "VirtualNum" */;
			buildPhases = (
				8A86AE071EFD5DDF00C8533F /* Sources */,
				8A86AE081EFD5DDF00C8533F /* Frameworks */,
				8A86AE091EFD5DDF00C8533F /* Resources */,
			);
			buildRules = (
			);
			dependencies = (
			);
			name = VirtualNum;
			productName = VirtualNum;
			productReference = 8A86AE0B1EFD5DDF00C8533F /* VirtualNum.app */;
			productType = "com.apple.product-type.application";
		};
/* End PBXNativeTarget section */

/* Begin PBXProject section */
		8A86AE031EFD5DDF00C8533F /* Project object */ = {
			isa = PBXProject;
			attributes = {
				LastUpgradeCheck = 0830;
				ORGANIZATIONNAME = SunnyWu;
				TargetAttributes = {
					8A86AE0A1EFD5DDF00C8533F = {
						CreatedOnToolsVersion = 8.3.3;
						ProvisioningStyle = Automatic;
					};
				};
			};
			buildConfigurationList = 8A86AE061EFD5DDF00C8533F /* Build configuration list for PBXProject "VirtualNum" */;
			compatibilityVersion = "Xcode 3.2";
			developmentRegion = English;
			hasScannedForEncodings = 0;
			knownRegions = (
				en,
				Base,
			);
			mainGroup = 8A86AE021EFD5DDF00C8533F;
			productRefGroup = 8A86AE0C1EFD5DDF00C8533F /* Products */;
			projectDirPath = "";
			projectRoot = "";
			targets = (
				8A86AE0A1EFD5DDF00C8533F /* VirtualNum */,
			);
		};
/* End PBXProject section */

/* Begin PBXResourcesBuildPhase section */
		8A86AE091EFD5DDF00C8533F /* Resources */ = {
			isa = PBXResourcesBuildPhase;
			buildActionMask = 2147483647;
			files = (
				8A86AE1E1EFD5DDF00C8533F /* LaunchScreen.storyboard in Resources */,
				8A86AE1B1EFD5DDF00C8533F /* Assets.xcassets in Resources */,
				8A86AE191EFD5DDF00C8533F /* Main.storyboard in Resources */,
			);
			runOnlyForDeploymentPostprocessing = 0;
		};
/* End PBXResourcesBuildPhase section */

/* Begin PBXSourcesBuildPhase section */
		8A86AE071EFD5DDF00C8533F /* Sources */ = {
			isa = PBXSourcesBuildPhase;
			buildActionMask = 2147483647;
			files = (
				8A86AE161EFD5DDF00C8533F /* ViewController.m in Sources */,
				8A86AE131EFD5DDF00C8533F /* AppDelegate.m in Sources */,
				8A86AE101EFD5DDF00C8533F /* main.m in Sources */,
			);
			runOnlyForDeploymentPostprocessing = 0;
		};
/* End PBXSourcesBuildPhase section */

/* Begin PBXVariantGroup section */
		8A86AE171EFD5DDF00C8533F /* Main.storyboard */ = {
			isa = PBXVariantGroup;
			children = (
				8A86AE181EFD5DDF00C8533F /* Base */,
			);
			name = Main.storyboard;
			sourceTree = "<group>";
		};
		8A86AE1C1EFD5DDF00C8533F /* LaunchScreen.storyboard */ = {
			isa = PBXVariantGroup;
			children = (
				8A86AE1D1EFD5DDF00C8533F /* Base */,
			);
			name = LaunchScreen.storyboard;
			sourceTree = "<group>";
		};
/* End PBXVariantGroup section */

/* Begin XCBuildConfiguration section */
		8A86AE201EFD5DDF00C8533F /* Debug */ = {
			isa = XCBuildConfiguration;
			buildSettings = {
				ALWAYS_SEARCH_USER_PATHS = NO;
				CLANG_ANALYZER_NONNULL = YES;
				CLANG_ANALYZER_NUMBER_OBJECT_CONVERSION = YES_AGGRESSIVE;
				CLANG_CXX_LANGUAGE_STANDARD = "gnu++0x";
				CLANG_CXX_LIBRARY = "libc++";
				CLANG_ENABLE_MODULES = YES;
				CLANG_ENABLE_OBJC_ARC = YES;
				CLANG_WARN_BOOL_CONVERSION = YES;
				CLANG_WARN_CONSTANT_CONVERSION = YES;
				CLANG_WARN_DIRECT_OBJC_ISA_USAGE = YES_ERROR;
				CLANG_WARN_DOCUMENTATION_COMMENTS = YES;
				CLANG_WARN_EMPTY_BODY = YES;
				CLANG_WARN_ENUM_CONVERSION = YES;
				CLANG_WARN_INFINITE_RECURSION = YES;
				CLANG_WARN_INT_CONVERSION = YES;
				CLANG_WARN_OBJC_ROOT_CLASS = YES_ERROR;
				CLANG_WARN_SUSPICIOUS_MOVE = YES;
				CLANG_WARN_UNREACHABLE_CODE = YES;
				CLANG_WARN__DUPLICATE_METHOD_MATCH = YES;
				"CODE_SIGN_IDENTITY[sdk=iphoneos*]" = "iPhone Developer";
				COPY_PHASE_STRIP = NO;
				DEBUG_INFORMATION_FORMAT = dwarf;
				ENABLE_STRICT_OBJC_MSGSEND = YES;
				ENABLE_TESTABILITY = YES;
				GCC_C_LANGUAGE_STANDARD = gnu99;
				GCC_DYNAMIC_NO_PIC = NO;
				GCC_NO_COMMON_BLOCKS = YES;
				GCC_OPTIMIZATION_LEVEL = 0;
				GCC_PREPROCESSOR_DEFINITIONS = (
					"DEBUG=1",
					"$(inherited)",
				);
				GCC_WARN_64_TO_32_BIT_CONVERSION = YES;
				GCC_WARN_ABOUT_RETURN_TYPE = YES_ERROR;
				GCC_WARN_UNDECLARED_SELECTOR = YES;
				GCC_WARN_UNINITIALIZED_AUTOS = YES_AGGRESSIVE;
				GCC_WARN_UNUSED_FUNCTION = YES;
				GCC_WARN_UNUSED_VARIABLE = YES;
				IPHONEOS_DEPLOYMENT_TARGET = 10.3;
				MTL_ENABLE_DEBUG_INFO = YES;
				ONLY_ACTIVE_ARCH = YES;
				SDKROOT = iphoneos;
			};
			name = Debug;
		};
		8A86AE211EFD5DDF00C8533F /* Release */ = {
			isa = XCBuildConfiguration;
			buildSettings = {
				ALWAYS_SEARCH_USER_PATHS = NO;
				CLANG_ANALYZER_NONNULL = YES;
				CLANG_ANALYZER_NUMBER_OBJECT_CONVERSION = YES_AGGRESSIVE;
				CLANG_CXX_LANGUAGE_STANDARD = "gnu++0x";
				CLANG_CXX_LIBRARY = "libc++";
				CLANG_ENABLE_MODULES = YES;
				CLANG_ENABLE_OBJC_ARC = YES;
				CLANG_WARN_BOOL_CONVERSION = YES;
				CLANG_WARN_CONSTANT_CONVERSION = YES;
				CLANG_WARN_DIRECT_OBJC_ISA_USAGE = YES_ERROR;
				CLANG_WARN_DOCUMENTATION_COMMENTS = YES;
				CLANG_WARN_EMPTY_BODY = YES;
				CLANG_WARN_ENUM_CONVERSION = YES;
				CLANG_WARN_INFINITE_RECURSION = YES;
				CLANG_WARN_INT_CONVERSION = YES;
				CLANG_WARN_OBJC_ROOT_CLASS = YES_ERROR;
				CLANG_WARN_SUSPICIOUS_MOVE = YES;
				CLANG_WARN_UNREACHABLE_CODE = YES;
				CLANG_WARN__DUPLICATE_METHOD_MATCH = YES;
				"CODE_SIGN_IDENTITY[sdk=iphoneos*]" = "iPhone Developer";
				COPY_PHASE_STRIP = NO;
				DEBUG_INFORMATION_FORMAT = "dwarf-with-dsym";
				ENABLE_NS_ASSERTIONS = NO;
				ENABLE_STRICT_OBJC_MSGSEND = YES;
				GCC_C_LANGUAGE_STANDARD = gnu99;
				GCC_NO_COMMON_BLOCKS = YES;
				GCC_WARN_64_TO_32_BIT_CONVERSION = YES;
				GCC_WARN_ABOUT_RETURN_TYPE = YES_ERROR;
				GCC_WARN_UNDECLARED_SELECTOR = YES;
				GCC_WARN_UNINITIALIZED_AUTOS = YES_AGGRESSIVE;
				GCC_WARN_UNUSED_FUNCTION = YES;
				GCC_WARN_UNUSED_VARIABLE = YES;
				IPHONEOS_DEPLOYMENT_TARGET = 10.3;
				MTL_ENABLE_DEBUG_INFO = NO;
				SDKROOT = iphoneos;
				VALIDATE_PRODUCT = YES;
			};
			name = Release;
		};
		8A86AE231EFD5DDF00C8533F /* Debug */ = {
			isa = XCBuildConfiguration;
			buildSettings = {
				ASSETCATALOG_COMPILER_APPICON_NAME = AppIcon;
				INFOPLIST_FILE = VirtualNum/Info.plist;
				LD_RUNPATH_SEARCH_PATHS = "$(inherited) @executable_path/Frameworks";
				PRODUCT_BUNDLE_IDENTIFIER = com.livecom.VirtualNum;
				PRODUCT_NAME = "$(TARGET_NAME)";
			};
			name = Debug;
		};
		8A86AE241EFD5DDF00C8533F /* Release */ = {
			isa = XCBuildConfiguration;
			buildSettings = {
				ASSETCATALOG_COMPILER_APPICON_NAME = AppIcon;
				INFOPLIST_FILE = VirtualNum/Info.plist;
				LD_RUNPATH_SEARCH_PATHS = "$(inherited) @executable_path/Frameworks";
				PRODUCT_BUNDLE_IDENTIFIER = com.livecom.VirtualNum;
				PRODUCT_NAME = "$(TARGET_NAME)";
			};
			name = Release;
		};
/* End XCBuildConfiguration section */

/* Begin XCConfigurationList section */
		8A86AE061EFD5DDF00C8533F /* Build configuration list for PBXProject "VirtualNum" */ = {
			isa = XCConfigurationList;
			buildConfigurations = (
				8A86AE201EFD5DDF00C8533F /* Debug */,
				8A86AE211EFD5DDF00C8533F /* Release */,
			);
			defaultConfigurationIsVisible = 0;
			defaultConfigurationName = Release;
		};
		8A86AE221EFD5DDF00C8533F /* Build configuration list for PBXNativeTarget "VirtualNum" */ = {
			isa = XCConfigurationList;
			buildConfigurations = (
				8A86AE231EFD5DDF00C8533F /* Debug */,
				8A86AE241EFD5DDF00C8533F /* Release */,
			);
			defaultConfigurationIsVisible = 0;
		};
/* End XCConfigurationList section */
	};
	rootObject = 8A86AE031EFD5DDF00C8533F /* Project object */;
}
